// !$*UTF8*$!
{
	archiveVersion = 1;
	classes = {
	};
	objectVersion = 56;
	objects = {

/* Begin PBXBuildFile section */
		9831C6B42B1995EE003B29BE /* CacheFeedUseCaseTests.swift in Sources */ = {isa = PBXBuildFile; fileRef = 9831C6B32B1995EE003B29BE /* CacheFeedUseCaseTests.swift */; };
		9831C6B72B216242003B29BE /* LocalFeedLoader.swift in Sources */ = {isa = PBXBuildFile; fileRef = 9831C6B62B216242003B29BE /* LocalFeedLoader.swift */; };
		9831C6B92B21631A003B29BE /* FeedStore.swift in Sources */ = {isa = PBXBuildFile; fileRef = 9831C6B82B21631A003B29BE /* FeedStore.swift */; };
		9831C6BB2B25627F003B29BE /* RemoteFeedItem.swift in Sources */ = {isa = PBXBuildFile; fileRef = 9831C6BA2B25627F003B29BE /* RemoteFeedItem.swift */; };
		9831C6BD2B2562C9003B29BE /* LocalFeedImage.swift in Sources */ = {isa = PBXBuildFile; fileRef = 9831C6BC2B2562C9003B29BE /* LocalFeedImage.swift */; };
		9831C6BF2B28B4A0003B29BE /* LoadFeedFromCacheUseCaseTests.swift in Sources */ = {isa = PBXBuildFile; fileRef = 9831C6BE2B28B4A0003B29BE /* LoadFeedFromCacheUseCaseTests.swift */; };
		9831C6C22B2AAE03003B29BE /* FeedStoreSpy.swift in Sources */ = {isa = PBXBuildFile; fileRef = 9831C6C12B2AAE03003B29BE /* FeedStoreSpy.swift */; };
		9831C6C42B392910003B29BE /* ValidateFeedCacheUseCaseTests.swift in Sources */ = {isa = PBXBuildFile; fileRef = 9831C6C32B392910003B29BE /* ValidateFeedCacheUseCaseTests.swift */; };
		9831C6C82B3C197C003B29BE /* SharedTestHelpers.swift in Sources */ = {isa = PBXBuildFile; fileRef = 9831C6C72B3C197C003B29BE /* SharedTestHelpers.swift */; };
		9831C6CA2B465435003B29BE /* FeedCachePolicy.swift in Sources */ = {isa = PBXBuildFile; fileRef = 9831C6C92B465435003B29BE /* FeedCachePolicy.swift */; };
		9831C7492B490BCC003B29BE /* FeedCacheTestHelpers.swift in Sources */ = {isa = PBXBuildFile; fileRef = 9831C7482B490BCC003B29BE /* FeedCacheTestHelpers.swift */; };
		98C349262AFCDA4B00CACFBF /* EssentialFeed.docc in Sources */ = {isa = PBXBuildFile; fileRef = 98C349252AFCDA4B00CACFBF /* EssentialFeed.docc */; };
		98C3492C2AFCDA4B00CACFBF /* EssentialFeed.framework in Frameworks */ = {isa = PBXBuildFile; fileRef = 98C349212AFCDA4B00CACFBF /* EssentialFeed.framework */; };
		98C349322AFCDA4B00CACFBF /* EssentialFeed.h in Headers */ = {isa = PBXBuildFile; fileRef = 98C349242AFCDA4B00CACFBF /* EssentialFeed.h */; settings = {ATTRIBUTES = (Public, ); }; };
		98C3493E2AFCDD0B00CACFBF /* FeedImage.swift in Sources */ = {isa = PBXBuildFile; fileRef = 98C3493D2AFCDD0B00CACFBF /* FeedImage.swift */; };
		98C349402AFCDD8E00CACFBF /* FeedLoader.swift in Sources */ = {isa = PBXBuildFile; fileRef = 98C3493F2AFCDD8E00CACFBF /* FeedLoader.swift */; };
		98C349492AFE115F00CACFBF /* LoadFeedFromRemoteUseCaseTests.swift in Sources */ = {isa = PBXBuildFile; fileRef = 98C349482AFE115F00CACFBF /* LoadFeedFromRemoteUseCaseTests.swift */; };
		98C3494D2AFE366600CACFBF /* RemoteFeedLoader.swift in Sources */ = {isa = PBXBuildFile; fileRef = 98C3494C2AFE366600CACFBF /* RemoteFeedLoader.swift */; };
		98C3494F2B01DC5700CACFBF /* HTTPClient.swift in Sources */ = {isa = PBXBuildFile; fileRef = 98C3494E2B01DC5700CACFBF /* HTTPClient.swift */; };
		98C349512B01DD4E00CACFBF /* FeedItemsMapper.swift in Sources */ = {isa = PBXBuildFile; fileRef = 98C349502B01DD4E00CACFBF /* FeedItemsMapper.swift */; };
		98C349542B0E554A00CACFBF /* URLSessionHTTPClientTests.swift in Sources */ = {isa = PBXBuildFile; fileRef = 98C349532B0E554A00CACFBF /* URLSessionHTTPClientTests.swift */; };
		98C349572B109E1900CACFBF /* XCTestCase+MemoryLeakTracking.swift in Sources */ = {isa = PBXBuildFile; fileRef = 98C349562B109E1900CACFBF /* XCTestCase+MemoryLeakTracking.swift */; };
		98C349592B10BB2B00CACFBF /* URLSessionHTTPClient.swift in Sources */ = {isa = PBXBuildFile; fileRef = 98C349582B10BB2B00CACFBF /* URLSessionHTTPClient.swift */; };
		98C349622B12F12800CACFBF /* EssentialFeedAPIEndToEndTests.swift in Sources */ = {isa = PBXBuildFile; fileRef = 98C349612B12F12800CACFBF /* EssentialFeedAPIEndToEndTests.swift */; };
		98C349632B12F12800CACFBF /* EssentialFeed.framework in Frameworks */ = {isa = PBXBuildFile; fileRef = 98C349212AFCDA4B00CACFBF /* EssentialFeed.framework */; };
		98C349692B12FFA500CACFBF /* XCTestCase+MemoryLeakTracking.swift in Sources */ = {isa = PBXBuildFile; fileRef = 98C349562B109E1900CACFBF /* XCTestCase+MemoryLeakTracking.swift */; };
/* End PBXBuildFile section */

/* Begin PBXContainerItemProxy section */
		98C3492D2AFCDA4B00CACFBF /* PBXContainerItemProxy */ = {
			isa = PBXContainerItemProxy;
			containerPortal = 98C349182AFCDA4B00CACFBF /* Project object */;
			proxyType = 1;
			remoteGlobalIDString = 98C349202AFCDA4B00CACFBF;
			remoteInfo = EssentialFeed;
		};
		98C349642B12F12800CACFBF /* PBXContainerItemProxy */ = {
			isa = PBXContainerItemProxy;
			containerPortal = 98C349182AFCDA4B00CACFBF /* Project object */;
			proxyType = 1;
			remoteGlobalIDString = 98C349202AFCDA4B00CACFBF;
			remoteInfo = EssentialFeed;
		};
/* End PBXContainerItemProxy section */

/* Begin PBXFileReference section */
		9831C6B32B1995EE003B29BE /* CacheFeedUseCaseTests.swift */ = {isa = PBXFileReference; lastKnownFileType = sourcecode.swift; path = CacheFeedUseCaseTests.swift; sourceTree = "<group>"; };
		9831C6B62B216242003B29BE /* LocalFeedLoader.swift */ = {isa = PBXFileReference; lastKnownFileType = sourcecode.swift; path = LocalFeedLoader.swift; sourceTree = "<group>"; };
		9831C6B82B21631A003B29BE /* FeedStore.swift */ = {isa = PBXFileReference; lastKnownFileType = sourcecode.swift; path = FeedStore.swift; sourceTree = "<group>"; };
		9831C6BA2B25627F003B29BE /* RemoteFeedItem.swift */ = {isa = PBXFileReference; lastKnownFileType = sourcecode.swift; path = RemoteFeedItem.swift; sourceTree = "<group>"; };
		9831C6BC2B2562C9003B29BE /* LocalFeedImage.swift */ = {isa = PBXFileReference; lastKnownFileType = sourcecode.swift; path = LocalFeedImage.swift; sourceTree = "<group>"; };
		9831C6BE2B28B4A0003B29BE /* LoadFeedFromCacheUseCaseTests.swift */ = {isa = PBXFileReference; lastKnownFileType = sourcecode.swift; path = LoadFeedFromCacheUseCaseTests.swift; sourceTree = "<group>"; };
		9831C6C12B2AAE03003B29BE /* FeedStoreSpy.swift */ = {isa = PBXFileReference; lastKnownFileType = sourcecode.swift; path = FeedStoreSpy.swift; sourceTree = "<group>"; };
		9831C6C32B392910003B29BE /* ValidateFeedCacheUseCaseTests.swift */ = {isa = PBXFileReference; lastKnownFileType = sourcecode.swift; path = ValidateFeedCacheUseCaseTests.swift; sourceTree = "<group>"; };
		9831C6C72B3C197C003B29BE /* SharedTestHelpers.swift */ = {isa = PBXFileReference; lastKnownFileType = sourcecode.swift; path = SharedTestHelpers.swift; sourceTree = "<group>"; };
		9831C6C92B465435003B29BE /* FeedCachePolicy.swift */ = {isa = PBXFileReference; lastKnownFileType = sourcecode.swift; path = FeedCachePolicy.swift; sourceTree = "<group>"; };
		9831C7482B490BCC003B29BE /* FeedCacheTestHelpers.swift */ = {isa = PBXFileReference; fileEncoding = 4; lastKnownFileType = sourcecode.swift; path = FeedCacheTestHelpers.swift; sourceTree = "<group>"; };
		98C349212AFCDA4B00CACFBF /* EssentialFeed.framework */ = {isa = PBXFileReference; explicitFileType = wrapper.framework; includeInIndex = 0; path = EssentialFeed.framework; sourceTree = BUILT_PRODUCTS_DIR; };
		98C349242AFCDA4B00CACFBF /* EssentialFeed.h */ = {isa = PBXFileReference; lastKnownFileType = sourcecode.c.h; path = EssentialFeed.h; sourceTree = "<group>"; };
		98C349252AFCDA4B00CACFBF /* EssentialFeed.docc */ = {isa = PBXFileReference; lastKnownFileType = folder.documentationcatalog; path = EssentialFeed.docc; sourceTree = "<group>"; };
		98C3492B2AFCDA4B00CACFBF /* EssentialFeedTests.xctest */ = {isa = PBXFileReference; explicitFileType = wrapper.cfbundle; includeInIndex = 0; path = EssentialFeedTests.xctest; sourceTree = BUILT_PRODUCTS_DIR; };
		98C3493D2AFCDD0B00CACFBF /* FeedImage.swift */ = {isa = PBXFileReference; lastKnownFileType = sourcecode.swift; path = FeedImage.swift; sourceTree = "<group>"; };
		98C3493F2AFCDD8E00CACFBF /* FeedLoader.swift */ = {isa = PBXFileReference; lastKnownFileType = sourcecode.swift; path = FeedLoader.swift; sourceTree = "<group>"; };
		98C349482AFE115F00CACFBF /* LoadFeedFromRemoteUseCaseTests.swift */ = {isa = PBXFileReference; lastKnownFileType = sourcecode.swift; path = LoadFeedFromRemoteUseCaseTests.swift; sourceTree = "<group>"; };
		98C3494C2AFE366600CACFBF /* RemoteFeedLoader.swift */ = {isa = PBXFileReference; lastKnownFileType = sourcecode.swift; path = RemoteFeedLoader.swift; sourceTree = "<group>"; };
		98C3494E2B01DC5700CACFBF /* HTTPClient.swift */ = {isa = PBXFileReference; lastKnownFileType = sourcecode.swift; path = HTTPClient.swift; sourceTree = "<group>"; };
		98C349502B01DD4E00CACFBF /* FeedItemsMapper.swift */ = {isa = PBXFileReference; lastKnownFileType = sourcecode.swift; path = FeedItemsMapper.swift; sourceTree = "<group>"; };
		98C349532B0E554A00CACFBF /* URLSessionHTTPClientTests.swift */ = {isa = PBXFileReference; lastKnownFileType = sourcecode.swift; path = URLSessionHTTPClientTests.swift; sourceTree = "<group>"; };
		98C349562B109E1900CACFBF /* XCTestCase+MemoryLeakTracking.swift */ = {isa = PBXFileReference; lastKnownFileType = sourcecode.swift; path = "XCTestCase+MemoryLeakTracking.swift"; sourceTree = "<group>"; };
		98C349582B10BB2B00CACFBF /* URLSessionHTTPClient.swift */ = {isa = PBXFileReference; lastKnownFileType = sourcecode.swift; path = URLSessionHTTPClient.swift; sourceTree = "<group>"; };
		98C3495A2B12EE6E00CACFBF /* EssentialFeed.xctestplan */ = {isa = PBXFileReference; lastKnownFileType = text; path = EssentialFeed.xctestplan; sourceTree = "<group>"; };
		98C3495F2B12F12800CACFBF /* EssentialFeedAPIEndToEndTests.xctest */ = {isa = PBXFileReference; explicitFileType = wrapper.cfbundle; includeInIndex = 0; path = EssentialFeedAPIEndToEndTests.xctest; sourceTree = BUILT_PRODUCTS_DIR; };
		98C349612B12F12800CACFBF /* EssentialFeedAPIEndToEndTests.swift */ = {isa = PBXFileReference; lastKnownFileType = sourcecode.swift; path = EssentialFeedAPIEndToEndTests.swift; sourceTree = "<group>"; };
		98C3496A2B14571A00CACFBF /* CI.xctestplan */ = {isa = PBXFileReference; lastKnownFileType = text; path = CI.xctestplan; sourceTree = "<group>"; };
/* End PBXFileReference section */

/* Begin PBXFrameworksBuildPhase section */
		98C3491E2AFCDA4B00CACFBF /* Frameworks */ = {
			isa = PBXFrameworksBuildPhase;
			buildActionMask = 2147483647;
			files = (
			);
			runOnlyForDeploymentPostprocessing = 0;
		};
		98C349282AFCDA4B00CACFBF /* Frameworks */ = {
			isa = PBXFrameworksBuildPhase;
			buildActionMask = 2147483647;
			files = (
				98C3492C2AFCDA4B00CACFBF /* EssentialFeed.framework in Frameworks */,
			);
			runOnlyForDeploymentPostprocessing = 0;
		};
		98C3495C2B12F12800CACFBF /* Frameworks */ = {
			isa = PBXFrameworksBuildPhase;
			buildActionMask = 2147483647;
			files = (
				98C349632B12F12800CACFBF /* EssentialFeed.framework in Frameworks */,
			);
			runOnlyForDeploymentPostprocessing = 0;
		};
/* End PBXFrameworksBuildPhase section */

/* Begin PBXGroup section */
		9831C6B22B1995A2003B29BE /* Feed Cache */ = {
			isa = PBXGroup;
			children = (
				9831C6C02B2AADEC003B29BE /* Helper */,
				9831C6B32B1995EE003B29BE /* CacheFeedUseCaseTests.swift */,
				9831C6BE2B28B4A0003B29BE /* LoadFeedFromCacheUseCaseTests.swift */,
				9831C6C32B392910003B29BE /* ValidateFeedCacheUseCaseTests.swift */,
			);
			path = "Feed Cache";
			sourceTree = "<group>";
		};
		9831C6B52B216225003B29BE /* Feed Cache */ = {
			isa = PBXGroup;
			children = (
				9831C6B62B216242003B29BE /* LocalFeedLoader.swift */,
				9831C6C92B465435003B29BE /* FeedCachePolicy.swift */,
				9831C6B82B21631A003B29BE /* FeedStore.swift */,
				9831C6BC2B2562C9003B29BE /* LocalFeedImage.swift */,
			);
			path = "Feed Cache";
			sourceTree = "<group>";
		};
		9831C6C02B2AADEC003B29BE /* Helper */ = {
			isa = PBXGroup;
			children = (
				9831C6C12B2AAE03003B29BE /* FeedStoreSpy.swift */,
				9831C7482B490BCC003B29BE /* FeedCacheTestHelpers.swift */,
			);
			path = Helper;
			sourceTree = "<group>";
		};
		98C349172AFCDA4B00CACFBF = {
			isa = PBXGroup;
			children = (
				98C3496A2B14571A00CACFBF /* CI.xctestplan */,
				98C3495A2B12EE6E00CACFBF /* EssentialFeed.xctestplan */,
				98C349232AFCDA4B00CACFBF /* EssentialFeed */,
				98C3492F2AFCDA4B00CACFBF /* EssentialFeedTests */,
				98C349602B12F12800CACFBF /* EssentialFeedAPIEndToEndTests */,
				98C349222AFCDA4B00CACFBF /* Products */,
			);
			sourceTree = "<group>";
		};
		98C349222AFCDA4B00CACFBF /* Products */ = {
			isa = PBXGroup;
			children = (
				98C349212AFCDA4B00CACFBF /* EssentialFeed.framework */,
				98C3492B2AFCDA4B00CACFBF /* EssentialFeedTests.xctest */,
				98C3495F2B12F12800CACFBF /* EssentialFeedAPIEndToEndTests.xctest */,
			);
			name = Products;
			sourceTree = "<group>";
		};
		98C349232AFCDA4B00CACFBF /* EssentialFeed */ = {
			isa = PBXGroup;
			children = (
				9831C6B52B216225003B29BE /* Feed Cache */,
				98C3494A2AFE360000CACFBF /* Feed Feature */,
				98C3494B2AFE361800CACFBF /* Feed API */,
				98C349242AFCDA4B00CACFBF /* EssentialFeed.h */,
				98C349252AFCDA4B00CACFBF /* EssentialFeed.docc */,
			);
			path = EssentialFeed;
			sourceTree = "<group>";
		};
		98C3492F2AFCDA4B00CACFBF /* EssentialFeedTests */ = {
			isa = PBXGroup;
			children = (
				98C349552B109DC700CACFBF /* Helpers */,
				9831C6B22B1995A2003B29BE /* Feed Cache */,
				98C349522B02219900CACFBF /* Feed API */,
			);
			path = EssentialFeedTests;
			sourceTree = "<group>";
		};
		98C3494A2AFE360000CACFBF /* Feed Feature */ = {
			isa = PBXGroup;
			children = (
				98C3493D2AFCDD0B00CACFBF /* FeedImage.swift */,
				98C3493F2AFCDD8E00CACFBF /* FeedLoader.swift */,
			);
			path = "Feed Feature";
			sourceTree = "<group>";
		};
		98C3494B2AFE361800CACFBF /* Feed API */ = {
			isa = PBXGroup;
			children = (
				98C3494C2AFE366600CACFBF /* RemoteFeedLoader.swift */,
				98C349502B01DD4E00CACFBF /* FeedItemsMapper.swift */,
				9831C6BA2B25627F003B29BE /* RemoteFeedItem.swift */,
				98C3494E2B01DC5700CACFBF /* HTTPClient.swift */,
				98C349582B10BB2B00CACFBF /* URLSessionHTTPClient.swift */,
			);
			path = "Feed API";
			sourceTree = "<group>";
		};
		98C349522B02219900CACFBF /* Feed API */ = {
			isa = PBXGroup;
			children = (
				98C349482AFE115F00CACFBF /* LoadFeedFromRemoteUseCaseTests.swift */,
				98C349532B0E554A00CACFBF /* URLSessionHTTPClientTests.swift */,
			);
			path = "Feed API";
			sourceTree = "<group>";
		};
		98C349552B109DC700CACFBF /* Helpers */ = {
			isa = PBXGroup;
			children = (
				98C349562B109E1900CACFBF /* XCTestCase+MemoryLeakTracking.swift */,
				9831C6C72B3C197C003B29BE /* SharedTestHelpers.swift */,
			);
			path = Helpers;
			sourceTree = "<group>";
		};
		98C349602B12F12800CACFBF /* EssentialFeedAPIEndToEndTests */ = {
			isa = PBXGroup;
			children = (
				98C349612B12F12800CACFBF /* EssentialFeedAPIEndToEndTests.swift */,
			);
			path = EssentialFeedAPIEndToEndTests;
			sourceTree = "<group>";
		};
/* End PBXGroup section */

/* Begin PBXHeadersBuildPhase section */
		98C3491C2AFCDA4B00CACFBF /* Headers */ = {
			isa = PBXHeadersBuildPhase;
			buildActionMask = 2147483647;
			files = (
				98C349322AFCDA4B00CACFBF /* EssentialFeed.h in Headers */,
			);
			runOnlyForDeploymentPostprocessing = 0;
		};
/* End PBXHeadersBuildPhase section */

/* Begin PBXNativeTarget section */
		98C349202AFCDA4B00CACFBF /* EssentialFeed */ = {
			isa = PBXNativeTarget;
			buildConfigurationList = 98C349352AFCDA4B00CACFBF /* Build configuration list for PBXNativeTarget "EssentialFeed" */;
			buildPhases = (
				98C3491C2AFCDA4B00CACFBF /* Headers */,
				98C3491D2AFCDA4B00CACFBF /* Sources */,
				98C3491E2AFCDA4B00CACFBF /* Frameworks */,
				98C3491F2AFCDA4B00CACFBF /* Resources */,
			);
			buildRules = (
			);
			dependencies = (
			);
			name = EssentialFeed;
			productName = EssentialFeed;
			productReference = 98C349212AFCDA4B00CACFBF /* EssentialFeed.framework */;
			productType = "com.apple.product-type.framework";
		};
		98C3492A2AFCDA4B00CACFBF /* EssentialFeedTests */ = {
			isa = PBXNativeTarget;
			buildConfigurationList = 98C349382AFCDA4B00CACFBF /* Build configuration list for PBXNativeTarget "EssentialFeedTests" */;
			buildPhases = (
				98C349272AFCDA4B00CACFBF /* Sources */,
				98C349282AFCDA4B00CACFBF /* Frameworks */,
				98C349292AFCDA4B00CACFBF /* Resources */,
			);
			buildRules = (
			);
			dependencies = (
				98C3492E2AFCDA4B00CACFBF /* PBXTargetDependency */,
			);
			name = EssentialFeedTests;
			productName = EssentialFeedTests;
			productReference = 98C3492B2AFCDA4B00CACFBF /* EssentialFeedTests.xctest */;
			productType = "com.apple.product-type.bundle.unit-test";
		};
		98C3495E2B12F12800CACFBF /* EssentialFeedAPIEndToEndTests */ = {
			isa = PBXNativeTarget;
			buildConfigurationList = 98C349662B12F12800CACFBF /* Build configuration list for PBXNativeTarget "EssentialFeedAPIEndToEndTests" */;
			buildPhases = (
				98C3495B2B12F12800CACFBF /* Sources */,
				98C3495C2B12F12800CACFBF /* Frameworks */,
				98C3495D2B12F12800CACFBF /* Resources */,
			);
			buildRules = (
			);
			dependencies = (
				98C349652B12F12800CACFBF /* PBXTargetDependency */,
			);
			name = EssentialFeedAPIEndToEndTests;
			productName = EssentialFeedAPIEndToEndTests;
			productReference = 98C3495F2B12F12800CACFBF /* EssentialFeedAPIEndToEndTests.xctest */;
			productType = "com.apple.product-type.bundle.unit-test";
		};
/* End PBXNativeTarget section */

/* Begin PBXProject section */
		98C349182AFCDA4B00CACFBF /* Project object */ = {
			isa = PBXProject;
			attributes = {
				BuildIndependentTargetsInParallel = 1;
				LastSwiftUpdateCheck = 1500;
				LastUpgradeCheck = 1500;
				TargetAttributes = {
					98C349202AFCDA4B00CACFBF = {
						CreatedOnToolsVersion = 15.0;
					};
					98C3492A2AFCDA4B00CACFBF = {
						CreatedOnToolsVersion = 15.0;
					};
					98C3495E2B12F12800CACFBF = {
						CreatedOnToolsVersion = 15.0;
					};
				};
			};
			buildConfigurationList = 98C3491B2AFCDA4B00CACFBF /* Build configuration list for PBXProject "EssentialFeed" */;
			compatibilityVersion = "Xcode 14.0";
			developmentRegion = en;
			hasScannedForEncodings = 0;
			knownRegions = (
				en,
				Base,
			);
			mainGroup = 98C349172AFCDA4B00CACFBF;
			productRefGroup = 98C349222AFCDA4B00CACFBF /* Products */;
			projectDirPath = "";
			projectRoot = "";
			targets = (
				98C349202AFCDA4B00CACFBF /* EssentialFeed */,
				98C3492A2AFCDA4B00CACFBF /* EssentialFeedTests */,
				98C3495E2B12F12800CACFBF /* EssentialFeedAPIEndToEndTests */,
			);
		};
/* End PBXProject section */

/* Begin PBXResourcesBuildPhase section */
		98C3491F2AFCDA4B00CACFBF /* Resources */ = {
			isa = PBXResourcesBuildPhase;
			buildActionMask = 2147483647;
			files = (
			);
			runOnlyForDeploymentPostprocessing = 0;
		};
		98C349292AFCDA4B00CACFBF /* Resources */ = {
			isa = PBXResourcesBuildPhase;
			buildActionMask = 2147483647;
			files = (
			);
			runOnlyForDeploymentPostprocessing = 0;
		};
		98C3495D2B12F12800CACFBF /* Resources */ = {
			isa = PBXResourcesBuildPhase;
			buildActionMask = 2147483647;
			files = (
			);
			runOnlyForDeploymentPostprocessing = 0;
		};
/* End PBXResourcesBuildPhase section */

/* Begin PBXSourcesBuildPhase section */
		98C3491D2AFCDA4B00CACFBF /* Sources */ = {
			isa = PBXSourcesBuildPhase;
			buildActionMask = 2147483647;
			files = (
				9831C6BD2B2562C9003B29BE /* LocalFeedImage.swift in Sources */,
				9831C6B92B21631A003B29BE /* FeedStore.swift in Sources */,
				98C349592B10BB2B00CACFBF /* URLSessionHTTPClient.swift in Sources */,
				98C3494D2AFE366600CACFBF /* RemoteFeedLoader.swift in Sources */,
				98C3494F2B01DC5700CACFBF /* HTTPClient.swift in Sources */,
				98C349402AFCDD8E00CACFBF /* FeedLoader.swift in Sources */,
				98C349512B01DD4E00CACFBF /* FeedItemsMapper.swift in Sources */,
				9831C6BB2B25627F003B29BE /* RemoteFeedItem.swift in Sources */,
				9831C6CA2B465435003B29BE /* FeedCachePolicy.swift in Sources */,
				98C3493E2AFCDD0B00CACFBF /* FeedImage.swift in Sources */,
				9831C6B72B216242003B29BE /* LocalFeedLoader.swift in Sources */,
				98C349262AFCDA4B00CACFBF /* EssentialFeed.docc in Sources */,
			);
			runOnlyForDeploymentPostprocessing = 0;
		};
		98C349272AFCDA4B00CACFBF /* Sources */ = {
			isa = PBXSourcesBuildPhase;
			buildActionMask = 2147483647;
			files = (
				9831C6C42B392910003B29BE /* ValidateFeedCacheUseCaseTests.swift in Sources */,
				98C349492AFE115F00CACFBF /* LoadFeedFromRemoteUseCaseTests.swift in Sources */,
				98C349542B0E554A00CACFBF /* URLSessionHTTPClientTests.swift in Sources */,
				9831C6C22B2AAE03003B29BE /* FeedStoreSpy.swift in Sources */,
				9831C7492B490BCC003B29BE /* FeedCacheTestHelpers.swift in Sources */,
				9831C6C82B3C197C003B29BE /* SharedTestHelpers.swift in Sources */,
				9831C6B42B1995EE003B29BE /* CacheFeedUseCaseTests.swift in Sources */,
				9831C6BF2B28B4A0003B29BE /* LoadFeedFromCacheUseCaseTests.swift in Sources */,
				98C349572B109E1900CACFBF /* XCTestCase+MemoryLeakTracking.swift in Sources */,
			);
			runOnlyForDeploymentPostprocessing = 0;
		};
		98C3495B2B12F12800CACFBF /* Sources */ = {
			isa = PBXSourcesBuildPhase;
			buildActionMask = 2147483647;
			files = (
				98C349622B12F12800CACFBF /* EssentialFeedAPIEndToEndTests.swift in Sources */,
				98C349692B12FFA500CACFBF /* XCTestCase+MemoryLeakTracking.swift in Sources */,
			);
			runOnlyForDeploymentPostprocessing = 0;
		};
/* End PBXSourcesBuildPhase section */

/* Begin PBXTargetDependency section */
		98C3492E2AFCDA4B00CACFBF /* PBXTargetDependency */ = {
			isa = PBXTargetDependency;
			target = 98C349202AFCDA4B00CACFBF /* EssentialFeed */;
			targetProxy = 98C3492D2AFCDA4B00CACFBF /* PBXContainerItemProxy */;
		};
		98C349652B12F12800CACFBF /* PBXTargetDependency */ = {
			isa = PBXTargetDependency;
			target = 98C349202AFCDA4B00CACFBF /* EssentialFeed */;
			targetProxy = 98C349642B12F12800CACFBF /* PBXContainerItemProxy */;
		};
/* End PBXTargetDependency section */

/* Begin XCBuildConfiguration section */
		98C349332AFCDA4B00CACFBF /* Debug */ = {
			isa = XCBuildConfiguration;
			buildSettings = {
				ALWAYS_SEARCH_USER_PATHS = NO;
				ASSETCATALOG_COMPILER_GENERATE_SWIFT_ASSET_SYMBOL_EXTENSIONS = YES;
				CLANG_ANALYZER_NONNULL = YES;
				CLANG_ANALYZER_NUMBER_OBJECT_CONVERSION = YES_AGGRESSIVE;
				CLANG_CXX_LANGUAGE_STANDARD = "gnu++20";
				CLANG_ENABLE_MODULES = YES;
				CLANG_ENABLE_OBJC_ARC = YES;
				CLANG_ENABLE_OBJC_WEAK = YES;
				CLANG_WARN_BLOCK_CAPTURE_AUTORELEASING = YES;
				CLANG_WARN_BOOL_CONVERSION = YES;
				CLANG_WARN_COMMA = YES;
				CLANG_WARN_CONSTANT_CONVERSION = YES;
				CLANG_WARN_DEPRECATED_OBJC_IMPLEMENTATIONS = YES;
				CLANG_WARN_DIRECT_OBJC_ISA_USAGE = YES_ERROR;
				CLANG_WARN_DOCUMENTATION_COMMENTS = YES;
				CLANG_WARN_EMPTY_BODY = YES;
				CLANG_WARN_ENUM_CONVERSION = YES;
				CLANG_WARN_INFINITE_RECURSION = YES;
				CLANG_WARN_INT_CONVERSION = YES;
				CLANG_WARN_NON_LITERAL_NULL_CONVERSION = YES;
				CLANG_WARN_OBJC_IMPLICIT_RETAIN_SELF = YES;
				CLANG_WARN_OBJC_LITERAL_CONVERSION = YES;
				CLANG_WARN_OBJC_ROOT_CLASS = YES_ERROR;
				CLANG_WARN_QUOTED_INCLUDE_IN_FRAMEWORK_HEADER = YES;
				CLANG_WARN_RANGE_LOOP_ANALYSIS = YES;
				CLANG_WARN_STRICT_PROTOTYPES = YES;
				CLANG_WARN_SUSPICIOUS_MOVE = YES;
				CLANG_WARN_UNGUARDED_AVAILABILITY = YES_AGGRESSIVE;
				CLANG_WARN_UNREACHABLE_CODE = YES;
				CLANG_WARN__DUPLICATE_METHOD_MATCH = YES;
				COPY_PHASE_STRIP = NO;
				CURRENT_PROJECT_VERSION = 1;
				DEBUG_INFORMATION_FORMAT = dwarf;
				ENABLE_STRICT_OBJC_MSGSEND = YES;
				ENABLE_TESTABILITY = YES;
				ENABLE_USER_SCRIPT_SANDBOXING = YES;
				GCC_C_LANGUAGE_STANDARD = gnu17;
				GCC_DYNAMIC_NO_PIC = NO;
				GCC_NO_COMMON_BLOCKS = YES;
				GCC_OPTIMIZATION_LEVEL = 0;
				GCC_PREPROCESSOR_DEFINITIONS = (
					"DEBUG=1",
					"$(inherited)",
				);
				GCC_WARN_64_TO_32_BIT_CONVERSION = YES;
				GCC_WARN_ABOUT_RETURN_TYPE = YES_ERROR;
				GCC_WARN_UNDECLARED_SELECTOR = YES;
				GCC_WARN_UNINITIALIZED_AUTOS = YES_AGGRESSIVE;
				GCC_WARN_UNUSED_FUNCTION = YES;
				GCC_WARN_UNUSED_VARIABLE = YES;
				LOCALIZATION_PREFERS_STRING_CATALOGS = YES;
				MACOSX_DEPLOYMENT_TARGET = 14.0;
				MTL_ENABLE_DEBUG_INFO = INCLUDE_SOURCE;
				MTL_FAST_MATH = YES;
				ONLY_ACTIVE_ARCH = YES;
				SDKROOT = macosx;
				SWIFT_ACTIVE_COMPILATION_CONDITIONS = "DEBUG $(inherited)";
				SWIFT_OPTIMIZATION_LEVEL = "-Onone";
				VERSIONING_SYSTEM = "apple-generic";
				VERSION_INFO_PREFIX = "";
			};
			name = Debug;
		};
		98C349342AFCDA4B00CACFBF /* Release */ = {
			isa = XCBuildConfiguration;
			buildSettings = {
				ALWAYS_SEARCH_USER_PATHS = NO;
				ASSETCATALOG_COMPILER_GENERATE_SWIFT_ASSET_SYMBOL_EXTENSIONS = YES;
				CLANG_ANALYZER_NONNULL = YES;
				CLANG_ANALYZER_NUMBER_OBJECT_CONVERSION = YES_AGGRESSIVE;
				CLANG_CXX_LANGUAGE_STANDARD = "gnu++20";
				CLANG_ENABLE_MODULES = YES;
				CLANG_ENABLE_OBJC_ARC = YES;
				CLANG_ENABLE_OBJC_WEAK = YES;
				CLANG_WARN_BLOCK_CAPTURE_AUTORELEASING = YES;
				CLANG_WARN_BOOL_CONVERSION = YES;
				CLANG_WARN_COMMA = YES;
				CLANG_WARN_CONSTANT_CONVERSION = YES;
				CLANG_WARN_DEPRECATED_OBJC_IMPLEMENTATIONS = YES;
				CLANG_WARN_DIRECT_OBJC_ISA_USAGE = YES_ERROR;
				CLANG_WARN_DOCUMENTATION_COMMENTS = YES;
				CLANG_WARN_EMPTY_BODY = YES;
				CLANG_WARN_ENUM_CONVERSION = YES;
				CLANG_WARN_INFINITE_RECURSION = YES;
				CLANG_WARN_INT_CONVERSION = YES;
				CLANG_WARN_NON_LITERAL_NULL_CONVERSION = YES;
				CLANG_WARN_OBJC_IMPLICIT_RETAIN_SELF = YES;
				CLANG_WARN_OBJC_LITERAL_CONVERSION = YES;
				CLANG_WARN_OBJC_ROOT_CLASS = YES_ERROR;
				CLANG_WARN_QUOTED_INCLUDE_IN_FRAMEWORK_HEADER = YES;
				CLANG_WARN_RANGE_LOOP_ANALYSIS = YES;
				CLANG_WARN_STRICT_PROTOTYPES = YES;
				CLANG_WARN_SUSPICIOUS_MOVE = YES;
				CLANG_WARN_UNGUARDED_AVAILABILITY = YES_AGGRESSIVE;
				CLANG_WARN_UNREACHABLE_CODE = YES;
				CLANG_WARN__DUPLICATE_METHOD_MATCH = YES;
				COPY_PHASE_STRIP = NO;
				CURRENT_PROJECT_VERSION = 1;
				DEBUG_INFORMATION_FORMAT = "dwarf-with-dsym";
				ENABLE_NS_ASSERTIONS = NO;
				ENABLE_STRICT_OBJC_MSGSEND = YES;
				ENABLE_USER_SCRIPT_SANDBOXING = YES;
				GCC_C_LANGUAGE_STANDARD = gnu17;
				GCC_NO_COMMON_BLOCKS = YES;
				GCC_WARN_64_TO_32_BIT_CONVERSION = YES;
				GCC_WARN_ABOUT_RETURN_TYPE = YES_ERROR;
				GCC_WARN_UNDECLARED_SELECTOR = YES;
				GCC_WARN_UNINITIALIZED_AUTOS = YES_AGGRESSIVE;
				GCC_WARN_UNUSED_FUNCTION = YES;
				GCC_WARN_UNUSED_VARIABLE = YES;
				LOCALIZATION_PREFERS_STRING_CATALOGS = YES;
				MACOSX_DEPLOYMENT_TARGET = 14.0;
				MTL_ENABLE_DEBUG_INFO = NO;
				MTL_FAST_MATH = YES;
				SDKROOT = macosx;
				SWIFT_COMPILATION_MODE = wholemodule;
				VERSIONING_SYSTEM = "apple-generic";
				VERSION_INFO_PREFIX = "";
			};
			name = Release;
		};
		98C349362AFCDA4B00CACFBF /* Debug */ = {
			isa = XCBuildConfiguration;
			buildSettings = {
				"CODE_SIGN_IDENTITY[sdk=macosx*]" = "-";
				CODE_SIGN_STYLE = Automatic;
				COMBINE_HIDPI_IMAGES = YES;
				CURRENT_PROJECT_VERSION = 1;
				DEFINES_MODULE = YES;
				DEVELOPMENT_TEAM = 4MPK4V365N;
				DYLIB_COMPATIBILITY_VERSION = 1;
				DYLIB_CURRENT_VERSION = 1;
				DYLIB_INSTALL_NAME_BASE = "@rpath";
				ENABLE_MODULE_VERIFIER = YES;
				GENERATE_INFOPLIST_FILE = YES;
				INFOPLIST_KEY_NSHumanReadableCopyright = "";
				INSTALL_PATH = "$(LOCAL_LIBRARY_DIR)/Frameworks";
				LD_RUNPATH_SEARCH_PATHS = (
					"$(inherited)",
					"@executable_path/../Frameworks",
					"@loader_path/Frameworks",
				);
				MACOSX_DEPLOYMENT_TARGET = 12.0;
				MARKETING_VERSION = 1.0;
				MODULE_VERIFIER_SUPPORTED_LANGUAGES = "objective-c objective-c++";
				MODULE_VERIFIER_SUPPORTED_LANGUAGE_STANDARDS = "gnu17 gnu++20";
				PRODUCT_BUNDLE_IDENTIFIER = com.humble.EssentialFeed;
				PRODUCT_NAME = "$(TARGET_NAME:c99extidentifier)";
				SKIP_INSTALL = YES;
				SWIFT_EMIT_LOC_STRINGS = YES;
				SWIFT_VERSION = 5.0;
			};
			name = Debug;
		};
		98C349372AFCDA4B00CACFBF /* Release */ = {
			isa = XCBuildConfiguration;
			buildSettings = {
				"CODE_SIGN_IDENTITY[sdk=macosx*]" = "-";
				CODE_SIGN_STYLE = Automatic;
				COMBINE_HIDPI_IMAGES = YES;
				CURRENT_PROJECT_VERSION = 1;
				DEFINES_MODULE = YES;
				DEVELOPMENT_TEAM = 4MPK4V365N;
				DYLIB_COMPATIBILITY_VERSION = 1;
				DYLIB_CURRENT_VERSION = 1;
				DYLIB_INSTALL_NAME_BASE = "@rpath";
				ENABLE_MODULE_VERIFIER = YES;
				GENERATE_INFOPLIST_FILE = YES;
				INFOPLIST_KEY_NSHumanReadableCopyright = "";
				INSTALL_PATH = "$(LOCAL_LIBRARY_DIR)/Frameworks";
				LD_RUNPATH_SEARCH_PATHS = (
					"$(inherited)",
					"@executable_path/../Frameworks",
					"@loader_path/Frameworks",
				);
				MACOSX_DEPLOYMENT_TARGET = 12.0;
				MARKETING_VERSION = 1.0;
				MODULE_VERIFIER_SUPPORTED_LANGUAGES = "objective-c objective-c++";
				MODULE_VERIFIER_SUPPORTED_LANGUAGE_STANDARDS = "gnu17 gnu++20";
				PRODUCT_BUNDLE_IDENTIFIER = com.humble.EssentialFeed;
				PRODUCT_NAME = "$(TARGET_NAME:c99extidentifier)";
				SKIP_INSTALL = YES;
				SWIFT_EMIT_LOC_STRINGS = YES;
				SWIFT_VERSION = 5.0;
			};
			name = Release;
		};
		98C349392AFCDA4B00CACFBF /* Debug */ = {
			isa = XCBuildConfiguration;
			buildSettings = {
				ALWAYS_EMBED_SWIFT_STANDARD_LIBRARIES = YES;
				"CODE_SIGN_IDENTITY[sdk=macosx*]" = "-";
				CODE_SIGN_STYLE = Automatic;
				CURRENT_PROJECT_VERSION = 1;
				DEVELOPMENT_TEAM = 4MPK4V365N;
				GENERATE_INFOPLIST_FILE = YES;
				MACOSX_DEPLOYMENT_TARGET = 12.0;
				MARKETING_VERSION = 1.0;
				PRODUCT_BUNDLE_IDENTIFIER = com.humble.EssentialFeedTests;
				PRODUCT_NAME = "$(TARGET_NAME)";
				SWIFT_EMIT_LOC_STRINGS = NO;
				SWIFT_VERSION = 5.0;
			};
			name = Debug;
		};
		98C3493A2AFCDA4B00CACFBF /* Release */ = {
			isa = XCBuildConfiguration;
			buildSettings = {
				ALWAYS_EMBED_SWIFT_STANDARD_LIBRARIES = YES;
				"CODE_SIGN_IDENTITY[sdk=macosx*]" = "-";
				CODE_SIGN_STYLE = Automatic;
				CURRENT_PROJECT_VERSION = 1;
				DEVELOPMENT_TEAM = 4MPK4V365N;
				GENERATE_INFOPLIST_FILE = YES;
				MACOSX_DEPLOYMENT_TARGET = 12.0;
				MARKETING_VERSION = 1.0;
				PRODUCT_BUNDLE_IDENTIFIER = com.humble.EssentialFeedTests;
				PRODUCT_NAME = "$(TARGET_NAME)";
				SWIFT_EMIT_LOC_STRINGS = NO;
				SWIFT_VERSION = 5.0;
			};
			name = Release;
		};
		98C349672B12F12800CACFBF /* Debug */ = {
			isa = XCBuildConfiguration;
			buildSettings = {
				"CODE_SIGN_IDENTITY[sdk=macosx*]" = "-";
				CODE_SIGN_STYLE = Automatic;
				CURRENT_PROJECT_VERSION = 1;
				DEVELOPMENT_TEAM = 4MPK4V365N;
				GENERATE_INFOPLIST_FILE = YES;
				MACOSX_DEPLOYMENT_TARGET = 12.0;
				MARKETING_VERSION = 1.0;
				PRODUCT_BUNDLE_IDENTIFIER = com.humble.EssentialFeedAPIEndToEndTests;
				PRODUCT_NAME = "$(TARGET_NAME)";
				SWIFT_EMIT_LOC_STRINGS = NO;
				SWIFT_VERSION = 5.0;
			};
			name = Debug;
		};
		98C349682B12F12800CACFBF /* Release */ = {
			isa = XCBuildConfiguration;
			buildSettings = {
				"CODE_SIGN_IDENTITY[sdk=macosx*]" = "-";
				CODE_SIGN_STYLE = Automatic;
				CURRENT_PROJECT_VERSION = 1;
				DEVELOPMENT_TEAM = 4MPK4V365N;
				GENERATE_INFOPLIST_FILE = YES;
				MACOSX_DEPLOYMENT_TARGET = 12.0;
				MARKETING_VERSION = 1.0;
				PRODUCT_BUNDLE_IDENTIFIER = com.humble.EssentialFeedAPIEndToEndTests;
				PRODUCT_NAME = "$(TARGET_NAME)";
				SWIFT_EMIT_LOC_STRINGS = NO;
				SWIFT_VERSION = 5.0;
			};
			name = Release;
		};
/* End XCBuildConfiguration section */

/* Begin XCConfigurationList section */
		98C3491B2AFCDA4B00CACFBF /* Build configuration list for PBXProject "EssentialFeed" */ = {
			isa = XCConfigurationList;
			buildConfigurations = (
				98C349332AFCDA4B00CACFBF /* Debug */,
				98C349342AFCDA4B00CACFBF /* Release */,
			);
			defaultConfigurationIsVisible = 0;
			defaultConfigurationName = Release;
		};
		98C349352AFCDA4B00CACFBF /* Build configuration list for PBXNativeTarget "EssentialFeed" */ = {
			isa = XCConfigurationList;
			buildConfigurations = (
				98C349362AFCDA4B00CACFBF /* Debug */,
				98C349372AFCDA4B00CACFBF /* Release */,
			);
			defaultConfigurationIsVisible = 0;
			defaultConfigurationName = Release;
		};
		98C349382AFCDA4B00CACFBF /* Build configuration list for PBXNativeTarget "EssentialFeedTests" */ = {
			isa = XCConfigurationList;
			buildConfigurations = (
				98C349392AFCDA4B00CACFBF /* Debug */,
				98C3493A2AFCDA4B00CACFBF /* Release */,
			);
			defaultConfigurationIsVisible = 0;
			defaultConfigurationName = Release;
		};
		98C349662B12F12800CACFBF /* Build configuration list for PBXNativeTarget "EssentialFeedAPIEndToEndTests" */ = {
			isa = XCConfigurationList;
			buildConfigurations = (
				98C349672B12F12800CACFBF /* Debug */,
				98C349682B12F12800CACFBF /* Release */,
			);
			defaultConfigurationIsVisible = 0;
			defaultConfigurationName = Release;
		};
/* End XCConfigurationList section */
	};
	rootObject = 98C349182AFCDA4B00CACFBF /* Project object */;
}
