// !$*UTF8*$!
{
	archiveVersion = 1;
	classes = {
	};
	objectVersion = 56;
	objects = {

/* Begin PBXBuildFile section */
		9831C6B42B1995EE003B29BE /* CacheFeedUseCaseTests.swift in Sources */ = {isa = PBXBuildFile; fileRef = 9831C6B32B1995EE003B29BE /* CacheFeedUseCaseTests.swift */; };
		9831C6B72B216242003B29BE /* LocalFeedLoader.swift in Sources */ = {isa = PBXBuildFile; fileRef = 9831C6B62B216242003B29BE /* LocalFeedLoader.swift */; };
		9831C6B92B21631A003B29BE /* FeedStore.swift in Sources */ = {isa = PBXBuildFile; fileRef = 9831C6B82B21631A003B29BE /* FeedStore.swift */; };
		9831C6BB2B25627F003B29BE /* RemoteFeedItem.swift in Sources */ = {isa = PBXBuildFile; fileRef = 9831C6BA2B25627F003B29BE /* RemoteFeedItem.swift */; };
		9831C6BD2B2562C9003B29BE /* LocalFeedImage.swift in Sources */ = {isa = PBXBuildFile; fileRef = 9831C6BC2B2562C9003B29BE /* LocalFeedImage.swift */; };
		9831C6BF2B28B4A0003B29BE /* LoadFeedFromCacheUseCaseTests.swift in Sources */ = {isa = PBXBuildFile; fileRef = 9831C6BE2B28B4A0003B29BE /* LoadFeedFromCacheUseCaseTests.swift */; };
		9831C6C22B2AAE03003B29BE /* FeedStoreSpy.swift in Sources */ = {isa = PBXBuildFile; fileRef = 9831C6C12B2AAE03003B29BE /* FeedStoreSpy.swift */; };
		9831C6C42B392910003B29BE /* ValidateFeedCacheUseCaseTests.swift in Sources */ = {isa = PBXBuildFile; fileRef = 9831C6C32B392910003B29BE /* ValidateFeedCacheUseCaseTests.swift */; };
		9831C6C82B3C197C003B29BE /* SharedTestHelpers.swift in Sources */ = {isa = PBXBuildFile; fileRef = 9831C6C72B3C197C003B29BE /* SharedTestHelpers.swift */; };
		9831C6CA2B465435003B29BE /* FeedCachePolicy.swift in Sources */ = {isa = PBXBuildFile; fileRef = 9831C6C92B465435003B29BE /* FeedCachePolicy.swift */; };
		9831C7492B490BCC003B29BE /* FeedCacheTestHelpers.swift in Sources */ = {isa = PBXBuildFile; fileRef = 9831C7482B490BCC003B29BE /* FeedCacheTestHelpers.swift */; };
		984893762BE636A2005691BE /* FeedImageCell.swift in Sources */ = {isa = PBXBuildFile; fileRef = 984893752BE636A2005691BE /* FeedImageCell.swift */; };
		984893782BE94C07005691BE /* UIView+Shimmering.swift in Sources */ = {isa = PBXBuildFile; fileRef = 984893772BE94C07005691BE /* UIView+Shimmering.swift */; };
		9848937B2BEA04AE005691BE /* UIImage+TestHelpers.swift in Sources */ = {isa = PBXBuildFile; fileRef = 9848937A2BEA04AE005691BE /* UIImage+TestHelpers.swift */; };
		9848937D2BEA052D005691BE /* UIRefreshControl+TestHelpers.swift in Sources */ = {isa = PBXBuildFile; fileRef = 9848937C2BEA052D005691BE /* UIRefreshControl+TestHelpers.swift */; };
		9848937F2BEA058E005691BE /* UIButton+TestHelpers.swift in Sources */ = {isa = PBXBuildFile; fileRef = 9848937E2BEA058E005691BE /* UIButton+TestHelpers.swift */; };
		984893842BEA8DC7005691BE /* UIControl+TestHelpers.swift in Sources */ = {isa = PBXBuildFile; fileRef = 984893832BEA8DC7005691BE /* UIControl+TestHelpers.swift */; };
		984893892BEA8F46005691BE /* FeedViewController+TestHelpers.swift in Sources */ = {isa = PBXBuildFile; fileRef = 984893882BEA8F46005691BE /* FeedViewController+TestHelpers.swift */; };
		9848938B2BEA8FB2005691BE /* FeedImageCell+TestHelpers.swift in Sources */ = {isa = PBXBuildFile; fileRef = 9848938A2BEA8FB2005691BE /* FeedImageCell+TestHelpers.swift */; };
		9848938D2BEA901B005691BE /* FeedViewControllerTests+LoaderSpy.swift in Sources */ = {isa = PBXBuildFile; fileRef = 9848938C2BEA901B005691BE /* FeedViewControllerTests+LoaderSpy.swift */; };
		9848938F2BEA907C005691BE /* FeedViewControllerTests+Assertions.swift in Sources */ = {isa = PBXBuildFile; fileRef = 9848938E2BEA907C005691BE /* FeedViewControllerTests+Assertions.swift */; };
		984893942BEA917D005691BE /* FeedImageDataLoader.swift in Sources */ = {isa = PBXBuildFile; fileRef = 984893932BEA917D005691BE /* FeedImageDataLoader.swift */; };
		984893982BEE6590005691BE /* FeedImageCellController.swift in Sources */ = {isa = PBXBuildFile; fileRef = 984893972BEE6590005691BE /* FeedImageCellController.swift */; };
		9848939A2BEE8AD7005691BE /* FeedUIComposer.swift in Sources */ = {isa = PBXBuildFile; fileRef = 984893992BEE8AD7005691BE /* FeedUIComposer.swift */; };
		9848939F2BF2213B005691BE /* FeedImageViewModel.swift in Sources */ = {isa = PBXBuildFile; fileRef = 9848939E2BF2213B005691BE /* FeedImageViewModel.swift */; };
		984893A22BF25F1E005691BE /* FeedPresenter.swift in Sources */ = {isa = PBXBuildFile; fileRef = 984893A12BF25F1E005691BE /* FeedPresenter.swift */; };
		984893A62BF33DB9005691BE /* Feed.xcassets in Resources */ = {isa = PBXBuildFile; fileRef = 984893A52BF33DB9005691BE /* Feed.xcassets */; };
		98582EC52BDD6318000E441A /* FeedStoreSpecs.swift in Sources */ = {isa = PBXBuildFile; fileRef = 98582EC42BDD6318000E441A /* FeedStoreSpecs.swift */; };
		98582EC72BDD6412000E441A /* XCTestCase+FeedStoreSpecs.swift in Sources */ = {isa = PBXBuildFile; fileRef = 98582EC62BDD6412000E441A /* XCTestCase+FeedStoreSpecs.swift */; };
		98582EC92BDD6C83000E441A /* XCTestCase+FailableRetrieveFeedStoreSpecs.swift in Sources */ = {isa = PBXBuildFile; fileRef = 98582EC82BDD6C83000E441A /* XCTestCase+FailableRetrieveFeedStoreSpecs.swift */; };
		98582ECB2BDD6DD5000E441A /* XCTestCase+FailableInsertFeedStoreSpecs.swift in Sources */ = {isa = PBXBuildFile; fileRef = 98582ECA2BDD6DD5000E441A /* XCTestCase+FailableInsertFeedStoreSpecs.swift */; };
		98582ECD2BDD6E4B000E441A /* XCTestCase+FailableDeleteFeedStoreSpecs.swift in Sources */ = {isa = PBXBuildFile; fileRef = 98582ECC2BDD6E4B000E441A /* XCTestCase+FailableDeleteFeedStoreSpecs.swift */; };
		98582ED02BDD7446000E441A /* CoreDataFeedStoreTests.swift in Sources */ = {isa = PBXBuildFile; fileRef = 98582ECF2BDD7446000E441A /* CoreDataFeedStoreTests.swift */; };
		98582ED22BDD74D2000E441A /* CoreDataFeedStore.swift in Sources */ = {isa = PBXBuildFile; fileRef = 98582ED12BDD74D2000E441A /* CoreDataFeedStore.swift */; };
		98582ED82BDD7ACB000E441A /* FeedStore.xcdatamodeld in Sources */ = {isa = PBXBuildFile; fileRef = 98582ED62BDD7ACB000E441A /* FeedStore.xcdatamodeld */; };
		98582EDD2BDE2EB2000E441A /* CoreDataHelpers.swift in Sources */ = {isa = PBXBuildFile; fileRef = 98582EDC2BDE2EB2000E441A /* CoreDataHelpers.swift */; };
		98582EDF2BDE2F2C000E441A /* ManagedCache.swift in Sources */ = {isa = PBXBuildFile; fileRef = 98582EDE2BDE2F2C000E441A /* ManagedCache.swift */; };
		98582EE12BDE2F3D000E441A /* ManagedFeedImage.swift in Sources */ = {isa = PBXBuildFile; fileRef = 98582EE02BDE2F3D000E441A /* ManagedFeedImage.swift */; };
		98582EE92BDE4743000E441A /* EssentialFeedCacheIntegrationTests.swift in Sources */ = {isa = PBXBuildFile; fileRef = 98582EE82BDE4743000E441A /* EssentialFeedCacheIntegrationTests.swift */; };
		98582EEA2BDE4743000E441A /* EssentialFeed.framework in Frameworks */ = {isa = PBXBuildFile; fileRef = 98C349212AFCDA4B00CACFBF /* EssentialFeed.framework */; };
		98582EF12BDE4C63000E441A /* XCTestCase+MemoryLeakTracking.swift in Sources */ = {isa = PBXBuildFile; fileRef = 98C349562B109E1900CACFBF /* XCTestCase+MemoryLeakTracking.swift */; };
		98582EF32BDE4E70000E441A /* SharedTestHelpers.swift in Sources */ = {isa = PBXBuildFile; fileRef = 9831C6C72B3C197C003B29BE /* SharedTestHelpers.swift */; };
		98582EF42BDE4E75000E441A /* FeedCacheTestHelpers.swift in Sources */ = {isa = PBXBuildFile; fileRef = 9831C7482B490BCC003B29BE /* FeedCacheTestHelpers.swift */; };
		98582F2F2BDFDFC7000E441A /* EssentialFeediOS.framework in Frameworks */ = {isa = PBXBuildFile; fileRef = 98582F272BDFDFC6000E441A /* EssentialFeediOS.framework */; };
		98582F472BE37F4D000E441A /* FeedViewControllerTests.swift in Sources */ = {isa = PBXBuildFile; fileRef = 98582F432BE0D07C000E441A /* FeedViewControllerTests.swift */; };
		98582F482BE37FBF000E441A /* XCTestCase+MemoryLeakTracking.swift in Sources */ = {isa = PBXBuildFile; fileRef = 98C349562B109E1900CACFBF /* XCTestCase+MemoryLeakTracking.swift */; };
		98582F4A2BE38031000E441A /* FeedViewController.swift in Sources */ = {isa = PBXBuildFile; fileRef = 98582F492BE38031000E441A /* FeedViewController.swift */; };
		98582F4C2BE391BF000E441A /* EssentialFeed.framework in Frameworks */ = {isa = PBXBuildFile; fileRef = 98C349212AFCDA4B00CACFBF /* EssentialFeed.framework */; };
		98C349262AFCDA4B00CACFBF /* EssentialFeed.docc in Sources */ = {isa = PBXBuildFile; fileRef = 98C349252AFCDA4B00CACFBF /* EssentialFeed.docc */; };
		98C3492C2AFCDA4B00CACFBF /* EssentialFeed.framework in Frameworks */ = {isa = PBXBuildFile; fileRef = 98C349212AFCDA4B00CACFBF /* EssentialFeed.framework */; };
		98C349322AFCDA4B00CACFBF /* EssentialFeed.h in Headers */ = {isa = PBXBuildFile; fileRef = 98C349242AFCDA4B00CACFBF /* EssentialFeed.h */; settings = {ATTRIBUTES = (Public, ); }; };
		98C3493E2AFCDD0B00CACFBF /* FeedImage.swift in Sources */ = {isa = PBXBuildFile; fileRef = 98C3493D2AFCDD0B00CACFBF /* FeedImage.swift */; };
		98C349402AFCDD8E00CACFBF /* FeedLoader.swift in Sources */ = {isa = PBXBuildFile; fileRef = 98C3493F2AFCDD8E00CACFBF /* FeedLoader.swift */; };
		98C349492AFE115F00CACFBF /* LoadFeedFromRemoteUseCaseTests.swift in Sources */ = {isa = PBXBuildFile; fileRef = 98C349482AFE115F00CACFBF /* LoadFeedFromRemoteUseCaseTests.swift */; };
		98C3494D2AFE366600CACFBF /* RemoteFeedLoader.swift in Sources */ = {isa = PBXBuildFile; fileRef = 98C3494C2AFE366600CACFBF /* RemoteFeedLoader.swift */; };
		98C3494F2B01DC5700CACFBF /* HTTPClient.swift in Sources */ = {isa = PBXBuildFile; fileRef = 98C3494E2B01DC5700CACFBF /* HTTPClient.swift */; };
		98C349512B01DD4E00CACFBF /* FeedItemsMapper.swift in Sources */ = {isa = PBXBuildFile; fileRef = 98C349502B01DD4E00CACFBF /* FeedItemsMapper.swift */; };
		98C349542B0E554A00CACFBF /* URLSessionHTTPClientTests.swift in Sources */ = {isa = PBXBuildFile; fileRef = 98C349532B0E554A00CACFBF /* URLSessionHTTPClientTests.swift */; };
		98C349572B109E1900CACFBF /* XCTestCase+MemoryLeakTracking.swift in Sources */ = {isa = PBXBuildFile; fileRef = 98C349562B109E1900CACFBF /* XCTestCase+MemoryLeakTracking.swift */; };
		98C349592B10BB2B00CACFBF /* URLSessionHTTPClient.swift in Sources */ = {isa = PBXBuildFile; fileRef = 98C349582B10BB2B00CACFBF /* URLSessionHTTPClient.swift */; };
		98C349622B12F12800CACFBF /* EssentialFeedAPIEndToEndTests.swift in Sources */ = {isa = PBXBuildFile; fileRef = 98C349612B12F12800CACFBF /* EssentialFeedAPIEndToEndTests.swift */; };
		98C349632B12F12800CACFBF /* EssentialFeed.framework in Frameworks */ = {isa = PBXBuildFile; fileRef = 98C349212AFCDA4B00CACFBF /* EssentialFeed.framework */; };
		98C349692B12FFA500CACFBF /* XCTestCase+MemoryLeakTracking.swift in Sources */ = {isa = PBXBuildFile; fileRef = 98C349562B109E1900CACFBF /* XCTestCase+MemoryLeakTracking.swift */; };
		98EDC9822BF35C2A0076F494 /* FeedImagePresenter.swift in Sources */ = {isa = PBXBuildFile; fileRef = 98EDC9812BF35C2A0076F494 /* FeedImagePresenter.swift */; };
		98EDC9842BF35C610076F494 /* FeedLoadingViewModel.swift in Sources */ = {isa = PBXBuildFile; fileRef = 98EDC9832BF35C610076F494 /* FeedLoadingViewModel.swift */; };
		98EDC9862BF35C750076F494 /* FeedViewModel.swift in Sources */ = {isa = PBXBuildFile; fileRef = 98EDC9852BF35C750076F494 /* FeedViewModel.swift */; };
		98EDC9882BF35E3B0076F494 /* Feed.storyboard in Resources */ = {isa = PBXBuildFile; fileRef = 98EDC9872BF35E3B0076F494 /* Feed.storyboard */; };
		98EDC98A2BF363970076F494 /* UITableView+Dequeueing.swift in Sources */ = {isa = PBXBuildFile; fileRef = 98EDC9892BF363970076F494 /* UITableView+Dequeueing.swift */; };
		98EDC98C2BF365240076F494 /* UIImageView+Animations.swift in Sources */ = {isa = PBXBuildFile; fileRef = 98EDC98B2BF365240076F494 /* UIImageView+Animations.swift */; };
		98EDC9902BF3AD340076F494 /* Feed.strings in Resources */ = {isa = PBXBuildFile; fileRef = 98EDC98F2BF3AD340076F494 /* Feed.strings */; };
		98EDC9922BF3AFA10076F494 /* FeedViewControllerTests+Localization.swift in Sources */ = {isa = PBXBuildFile; fileRef = 98EDC9912BF3AFA10076F494 /* FeedViewControllerTests+Localization.swift */; };
/* End PBXBuildFile section */

/* Begin PBXContainerItemProxy section */
		98582EEB2BDE4743000E441A /* PBXContainerItemProxy */ = {
			isa = PBXContainerItemProxy;
			containerPortal = 98C349182AFCDA4B00CACFBF /* Project object */;
			proxyType = 1;
			remoteGlobalIDString = 98C349202AFCDA4B00CACFBF;
			remoteInfo = EssentialFeed;
		};
		98582F302BDFDFC7000E441A /* PBXContainerItemProxy */ = {
			isa = PBXContainerItemProxy;
			containerPortal = 98C349182AFCDA4B00CACFBF /* Project object */;
			proxyType = 1;
			remoteGlobalIDString = 98582F262BDFDFC6000E441A;
			remoteInfo = EssentialFeediOS;
		};
		98C3492D2AFCDA4B00CACFBF /* PBXContainerItemProxy */ = {
			isa = PBXContainerItemProxy;
			containerPortal = 98C349182AFCDA4B00CACFBF /* Project object */;
			proxyType = 1;
			remoteGlobalIDString = 98C349202AFCDA4B00CACFBF;
			remoteInfo = EssentialFeed;
		};
		98C349642B12F12800CACFBF /* PBXContainerItemProxy */ = {
			isa = PBXContainerItemProxy;
			containerPortal = 98C349182AFCDA4B00CACFBF /* Project object */;
			proxyType = 1;
			remoteGlobalIDString = 98C349202AFCDA4B00CACFBF;
			remoteInfo = EssentialFeed;
		};
/* End PBXContainerItemProxy section */

/* Begin PBXFileReference section */
		9831C6B32B1995EE003B29BE /* CacheFeedUseCaseTests.swift */ = {isa = PBXFileReference; lastKnownFileType = sourcecode.swift; path = CacheFeedUseCaseTests.swift; sourceTree = "<group>"; };
		9831C6B62B216242003B29BE /* LocalFeedLoader.swift */ = {isa = PBXFileReference; lastKnownFileType = sourcecode.swift; path = LocalFeedLoader.swift; sourceTree = "<group>"; };
		9831C6B82B21631A003B29BE /* FeedStore.swift */ = {isa = PBXFileReference; lastKnownFileType = sourcecode.swift; path = FeedStore.swift; sourceTree = "<group>"; };
		9831C6BA2B25627F003B29BE /* RemoteFeedItem.swift */ = {isa = PBXFileReference; lastKnownFileType = sourcecode.swift; path = RemoteFeedItem.swift; sourceTree = "<group>"; };
		9831C6BC2B2562C9003B29BE /* LocalFeedImage.swift */ = {isa = PBXFileReference; lastKnownFileType = sourcecode.swift; path = LocalFeedImage.swift; sourceTree = "<group>"; };
		9831C6BE2B28B4A0003B29BE /* LoadFeedFromCacheUseCaseTests.swift */ = {isa = PBXFileReference; lastKnownFileType = sourcecode.swift; path = LoadFeedFromCacheUseCaseTests.swift; sourceTree = "<group>"; };
		9831C6C12B2AAE03003B29BE /* FeedStoreSpy.swift */ = {isa = PBXFileReference; lastKnownFileType = sourcecode.swift; path = FeedStoreSpy.swift; sourceTree = "<group>"; };
		9831C6C32B392910003B29BE /* ValidateFeedCacheUseCaseTests.swift */ = {isa = PBXFileReference; lastKnownFileType = sourcecode.swift; path = ValidateFeedCacheUseCaseTests.swift; sourceTree = "<group>"; };
		9831C6C72B3C197C003B29BE /* SharedTestHelpers.swift */ = {isa = PBXFileReference; lastKnownFileType = sourcecode.swift; path = SharedTestHelpers.swift; sourceTree = "<group>"; };
		9831C6C92B465435003B29BE /* FeedCachePolicy.swift */ = {isa = PBXFileReference; lastKnownFileType = sourcecode.swift; path = FeedCachePolicy.swift; sourceTree = "<group>"; };
		9831C7482B490BCC003B29BE /* FeedCacheTestHelpers.swift */ = {isa = PBXFileReference; fileEncoding = 4; lastKnownFileType = sourcecode.swift; path = FeedCacheTestHelpers.swift; sourceTree = "<group>"; };
		984893752BE636A2005691BE /* FeedImageCell.swift */ = {isa = PBXFileReference; lastKnownFileType = sourcecode.swift; path = FeedImageCell.swift; sourceTree = "<group>"; };
		984893772BE94C07005691BE /* UIView+Shimmering.swift */ = {isa = PBXFileReference; lastKnownFileType = sourcecode.swift; path = "UIView+Shimmering.swift"; sourceTree = "<group>"; };
		9848937A2BEA04AE005691BE /* UIImage+TestHelpers.swift */ = {isa = PBXFileReference; lastKnownFileType = sourcecode.swift; path = "UIImage+TestHelpers.swift"; sourceTree = "<group>"; };
		9848937C2BEA052D005691BE /* UIRefreshControl+TestHelpers.swift */ = {isa = PBXFileReference; lastKnownFileType = sourcecode.swift; path = "UIRefreshControl+TestHelpers.swift"; sourceTree = "<group>"; };
		9848937E2BEA058E005691BE /* UIButton+TestHelpers.swift */ = {isa = PBXFileReference; lastKnownFileType = sourcecode.swift; path = "UIButton+TestHelpers.swift"; sourceTree = "<group>"; };
		984893832BEA8DC7005691BE /* UIControl+TestHelpers.swift */ = {isa = PBXFileReference; lastKnownFileType = sourcecode.swift; path = "UIControl+TestHelpers.swift"; sourceTree = "<group>"; };
		984893882BEA8F46005691BE /* FeedViewController+TestHelpers.swift */ = {isa = PBXFileReference; lastKnownFileType = sourcecode.swift; path = "FeedViewController+TestHelpers.swift"; sourceTree = "<group>"; };
		9848938A2BEA8FB2005691BE /* FeedImageCell+TestHelpers.swift */ = {isa = PBXFileReference; lastKnownFileType = sourcecode.swift; path = "FeedImageCell+TestHelpers.swift"; sourceTree = "<group>"; };
		9848938C2BEA901B005691BE /* FeedViewControllerTests+LoaderSpy.swift */ = {isa = PBXFileReference; lastKnownFileType = sourcecode.swift; path = "FeedViewControllerTests+LoaderSpy.swift"; sourceTree = "<group>"; };
		9848938E2BEA907C005691BE /* FeedViewControllerTests+Assertions.swift */ = {isa = PBXFileReference; lastKnownFileType = sourcecode.swift; path = "FeedViewControllerTests+Assertions.swift"; sourceTree = "<group>"; };
		984893932BEA917D005691BE /* FeedImageDataLoader.swift */ = {isa = PBXFileReference; lastKnownFileType = sourcecode.swift; path = FeedImageDataLoader.swift; sourceTree = "<group>"; };
		984893972BEE6590005691BE /* FeedImageCellController.swift */ = {isa = PBXFileReference; lastKnownFileType = sourcecode.swift; path = FeedImageCellController.swift; sourceTree = "<group>"; };
		984893992BEE8AD7005691BE /* FeedUIComposer.swift */ = {isa = PBXFileReference; lastKnownFileType = sourcecode.swift; path = FeedUIComposer.swift; sourceTree = "<group>"; };
		9848939E2BF2213B005691BE /* FeedImageViewModel.swift */ = {isa = PBXFileReference; lastKnownFileType = sourcecode.swift; path = FeedImageViewModel.swift; sourceTree = "<group>"; };
		984893A12BF25F1E005691BE /* FeedPresenter.swift */ = {isa = PBXFileReference; lastKnownFileType = sourcecode.swift; path = FeedPresenter.swift; sourceTree = "<group>"; };
		984893A52BF33DB9005691BE /* Feed.xcassets */ = {isa = PBXFileReference; lastKnownFileType = folder.assetcatalog; path = Feed.xcassets; sourceTree = "<group>"; };
		98582EC42BDD6318000E441A /* FeedStoreSpecs.swift */ = {isa = PBXFileReference; lastKnownFileType = sourcecode.swift; path = FeedStoreSpecs.swift; sourceTree = "<group>"; };
		98582EC62BDD6412000E441A /* XCTestCase+FeedStoreSpecs.swift */ = {isa = PBXFileReference; lastKnownFileType = sourcecode.swift; path = "XCTestCase+FeedStoreSpecs.swift"; sourceTree = "<group>"; };
		98582EC82BDD6C83000E441A /* XCTestCase+FailableRetrieveFeedStoreSpecs.swift */ = {isa = PBXFileReference; lastKnownFileType = sourcecode.swift; path = "XCTestCase+FailableRetrieveFeedStoreSpecs.swift"; sourceTree = "<group>"; };
		98582ECA2BDD6DD5000E441A /* XCTestCase+FailableInsertFeedStoreSpecs.swift */ = {isa = PBXFileReference; lastKnownFileType = sourcecode.swift; path = "XCTestCase+FailableInsertFeedStoreSpecs.swift"; sourceTree = "<group>"; };
		98582ECC2BDD6E4B000E441A /* XCTestCase+FailableDeleteFeedStoreSpecs.swift */ = {isa = PBXFileReference; lastKnownFileType = sourcecode.swift; path = "XCTestCase+FailableDeleteFeedStoreSpecs.swift"; sourceTree = "<group>"; };
		98582ECF2BDD7446000E441A /* CoreDataFeedStoreTests.swift */ = {isa = PBXFileReference; lastKnownFileType = sourcecode.swift; path = CoreDataFeedStoreTests.swift; sourceTree = "<group>"; };
		98582ED12BDD74D2000E441A /* CoreDataFeedStore.swift */ = {isa = PBXFileReference; lastKnownFileType = sourcecode.swift; path = CoreDataFeedStore.swift; sourceTree = "<group>"; };
		98582ED72BDD7ACB000E441A /* FeedStore.xcdatamodel */ = {isa = PBXFileReference; lastKnownFileType = wrapper.xcdatamodel; path = FeedStore.xcdatamodel; sourceTree = "<group>"; };
		98582EDC2BDE2EB2000E441A /* CoreDataHelpers.swift */ = {isa = PBXFileReference; lastKnownFileType = sourcecode.swift; path = CoreDataHelpers.swift; sourceTree = "<group>"; };
		98582EDE2BDE2F2C000E441A /* ManagedCache.swift */ = {isa = PBXFileReference; lastKnownFileType = sourcecode.swift; path = ManagedCache.swift; sourceTree = "<group>"; };
		98582EE02BDE2F3D000E441A /* ManagedFeedImage.swift */ = {isa = PBXFileReference; lastKnownFileType = sourcecode.swift; path = ManagedFeedImage.swift; sourceTree = "<group>"; };
		98582EE62BDE4743000E441A /* EssentialFeedCacheIntegrationTests.xctest */ = {isa = PBXFileReference; explicitFileType = wrapper.cfbundle; includeInIndex = 0; path = EssentialFeedCacheIntegrationTests.xctest; sourceTree = BUILT_PRODUCTS_DIR; };
		98582EE82BDE4743000E441A /* EssentialFeedCacheIntegrationTests.swift */ = {isa = PBXFileReference; lastKnownFileType = sourcecode.swift; path = EssentialFeedCacheIntegrationTests.swift; sourceTree = "<group>"; };
		98582EF02BDE4804000E441A /* EssentialFeedCacheIntegrationTests.xctestplan */ = {isa = PBXFileReference; lastKnownFileType = text; path = EssentialFeedCacheIntegrationTests.xctestplan; sourceTree = "<group>"; };
		98582F212BDFC038000E441A /* EssentialFeedAPIEndToEndTests.xctestplan */ = {isa = PBXFileReference; lastKnownFileType = text; path = EssentialFeedAPIEndToEndTests.xctestplan; sourceTree = "<group>"; };
		98582F272BDFDFC6000E441A /* EssentialFeediOS.framework */ = {isa = PBXFileReference; explicitFileType = wrapper.framework; includeInIndex = 0; path = EssentialFeediOS.framework; sourceTree = BUILT_PRODUCTS_DIR; };
		98582F2E2BDFDFC7000E441A /* EssentialFeediOSTests.xctest */ = {isa = PBXFileReference; explicitFileType = wrapper.cfbundle; includeInIndex = 0; path = EssentialFeediOSTests.xctest; sourceTree = BUILT_PRODUCTS_DIR; };
		98582F3C2BDFE057000E441A /* EssentialFeediOS.xctestplan */ = {isa = PBXFileReference; lastKnownFileType = text; path = EssentialFeediOS.xctestplan; sourceTree = "<group>"; };
		98582F432BE0D07C000E441A /* FeedViewControllerTests.swift */ = {isa = PBXFileReference; lastKnownFileType = sourcecode.swift; path = FeedViewControllerTests.swift; sourceTree = "<group>"; };
		98582F492BE38031000E441A /* FeedViewController.swift */ = {isa = PBXFileReference; lastKnownFileType = sourcecode.swift; path = FeedViewController.swift; sourceTree = "<group>"; };
		98C349212AFCDA4B00CACFBF /* EssentialFeed.framework */ = {isa = PBXFileReference; explicitFileType = wrapper.framework; includeInIndex = 0; path = EssentialFeed.framework; sourceTree = BUILT_PRODUCTS_DIR; };
		98C349242AFCDA4B00CACFBF /* EssentialFeed.h */ = {isa = PBXFileReference; lastKnownFileType = sourcecode.c.h; path = EssentialFeed.h; sourceTree = "<group>"; };
		98C349252AFCDA4B00CACFBF /* EssentialFeed.docc */ = {isa = PBXFileReference; lastKnownFileType = folder.documentationcatalog; path = EssentialFeed.docc; sourceTree = "<group>"; };
		98C3492B2AFCDA4B00CACFBF /* EssentialFeedTests.xctest */ = {isa = PBXFileReference; explicitFileType = wrapper.cfbundle; includeInIndex = 0; path = EssentialFeedTests.xctest; sourceTree = BUILT_PRODUCTS_DIR; };
		98C3493D2AFCDD0B00CACFBF /* FeedImage.swift */ = {isa = PBXFileReference; lastKnownFileType = sourcecode.swift; path = FeedImage.swift; sourceTree = "<group>"; };
		98C3493F2AFCDD8E00CACFBF /* FeedLoader.swift */ = {isa = PBXFileReference; lastKnownFileType = sourcecode.swift; path = FeedLoader.swift; sourceTree = "<group>"; };
		98C349482AFE115F00CACFBF /* LoadFeedFromRemoteUseCaseTests.swift */ = {isa = PBXFileReference; lastKnownFileType = sourcecode.swift; path = LoadFeedFromRemoteUseCaseTests.swift; sourceTree = "<group>"; };
		98C3494C2AFE366600CACFBF /* RemoteFeedLoader.swift */ = {isa = PBXFileReference; lastKnownFileType = sourcecode.swift; path = RemoteFeedLoader.swift; sourceTree = "<group>"; };
		98C3494E2B01DC5700CACFBF /* HTTPClient.swift */ = {isa = PBXFileReference; lastKnownFileType = sourcecode.swift; path = HTTPClient.swift; sourceTree = "<group>"; };
		98C349502B01DD4E00CACFBF /* FeedItemsMapper.swift */ = {isa = PBXFileReference; lastKnownFileType = sourcecode.swift; path = FeedItemsMapper.swift; sourceTree = "<group>"; };
		98C349532B0E554A00CACFBF /* URLSessionHTTPClientTests.swift */ = {isa = PBXFileReference; lastKnownFileType = sourcecode.swift; path = URLSessionHTTPClientTests.swift; sourceTree = "<group>"; };
		98C349562B109E1900CACFBF /* XCTestCase+MemoryLeakTracking.swift */ = {isa = PBXFileReference; lastKnownFileType = sourcecode.swift; path = "XCTestCase+MemoryLeakTracking.swift"; sourceTree = "<group>"; };
		98C349582B10BB2B00CACFBF /* URLSessionHTTPClient.swift */ = {isa = PBXFileReference; lastKnownFileType = sourcecode.swift; path = URLSessionHTTPClient.swift; sourceTree = "<group>"; };
		98C3495A2B12EE6E00CACFBF /* EssentialFeed.xctestplan */ = {isa = PBXFileReference; lastKnownFileType = text; path = EssentialFeed.xctestplan; sourceTree = "<group>"; };
		98C3495F2B12F12800CACFBF /* EssentialFeedAPIEndToEndTests.xctest */ = {isa = PBXFileReference; explicitFileType = wrapper.cfbundle; includeInIndex = 0; path = EssentialFeedAPIEndToEndTests.xctest; sourceTree = BUILT_PRODUCTS_DIR; };
		98C349612B12F12800CACFBF /* EssentialFeedAPIEndToEndTests.swift */ = {isa = PBXFileReference; lastKnownFileType = sourcecode.swift; path = EssentialFeedAPIEndToEndTests.swift; sourceTree = "<group>"; };
		98C3496A2B14571A00CACFBF /* CI.xctestplan */ = {isa = PBXFileReference; lastKnownFileType = text; path = CI.xctestplan; sourceTree = "<group>"; };
		98EDC9812BF35C2A0076F494 /* FeedImagePresenter.swift */ = {isa = PBXFileReference; lastKnownFileType = sourcecode.swift; path = FeedImagePresenter.swift; sourceTree = "<group>"; };
		98EDC9832BF35C610076F494 /* FeedLoadingViewModel.swift */ = {isa = PBXFileReference; lastKnownFileType = sourcecode.swift; path = FeedLoadingViewModel.swift; sourceTree = "<group>"; };
		98EDC9852BF35C750076F494 /* FeedViewModel.swift */ = {isa = PBXFileReference; lastKnownFileType = sourcecode.swift; path = FeedViewModel.swift; sourceTree = "<group>"; };
		98EDC9872BF35E3B0076F494 /* Feed.storyboard */ = {isa = PBXFileReference; fileEncoding = 4; lastKnownFileType = file.storyboard; path = Feed.storyboard; sourceTree = "<group>"; };
		98EDC9892BF363970076F494 /* UITableView+Dequeueing.swift */ = {isa = PBXFileReference; lastKnownFileType = sourcecode.swift; path = "UITableView+Dequeueing.swift"; sourceTree = "<group>"; };
		98EDC98B2BF365240076F494 /* UIImageView+Animations.swift */ = {isa = PBXFileReference; lastKnownFileType = sourcecode.swift; path = "UIImageView+Animations.swift"; sourceTree = "<group>"; };
		98EDC98F2BF3AD340076F494 /* Feed.strings */ = {isa = PBXFileReference; lastKnownFileType = text.plist.strings; path = Feed.strings; sourceTree = "<group>"; };
		98EDC9912BF3AFA10076F494 /* FeedViewControllerTests+Localization.swift */ = {isa = PBXFileReference; lastKnownFileType = sourcecode.swift; path = "FeedViewControllerTests+Localization.swift"; sourceTree = "<group>"; };
/* End PBXFileReference section */

/* Begin PBXFrameworksBuildPhase section */
		98582EE32BDE4743000E441A /* Frameworks */ = {
			isa = PBXFrameworksBuildPhase;
			buildActionMask = 2147483647;
			files = (
				98582EEA2BDE4743000E441A /* EssentialFeed.framework in Frameworks */,
			);
			runOnlyForDeploymentPostprocessing = 0;
		};
		98582F242BDFDFC6000E441A /* Frameworks */ = {
			isa = PBXFrameworksBuildPhase;
			buildActionMask = 2147483647;
			files = (
				98582F4C2BE391BF000E441A /* EssentialFeed.framework in Frameworks */,
			);
			runOnlyForDeploymentPostprocessing = 0;
		};
		98582F2B2BDFDFC7000E441A /* Frameworks */ = {
			isa = PBXFrameworksBuildPhase;
			buildActionMask = 2147483647;
			files = (
				98582F2F2BDFDFC7000E441A /* EssentialFeediOS.framework in Frameworks */,
			);
			runOnlyForDeploymentPostprocessing = 0;
		};
		98C3491E2AFCDA4B00CACFBF /* Frameworks */ = {
			isa = PBXFrameworksBuildPhase;
			buildActionMask = 2147483647;
			files = (
			);
			runOnlyForDeploymentPostprocessing = 0;
		};
		98C349282AFCDA4B00CACFBF /* Frameworks */ = {
			isa = PBXFrameworksBuildPhase;
			buildActionMask = 2147483647;
			files = (
				98C3492C2AFCDA4B00CACFBF /* EssentialFeed.framework in Frameworks */,
			);
			runOnlyForDeploymentPostprocessing = 0;
		};
		98C3495C2B12F12800CACFBF /* Frameworks */ = {
			isa = PBXFrameworksBuildPhase;
			buildActionMask = 2147483647;
			files = (
				98C349632B12F12800CACFBF /* EssentialFeed.framework in Frameworks */,
			);
			runOnlyForDeploymentPostprocessing = 0;
		};
/* End PBXFrameworksBuildPhase section */

/* Begin PBXGroup section */
		9831C6B22B1995A2003B29BE /* Feed Cache */ = {
			isa = PBXGroup;
			children = (
				98582ECE2BDD6EE3000E441A /* FeedStoreSpecs */,
				9831C6C02B2AADEC003B29BE /* Helper */,
				9831C6B32B1995EE003B29BE /* CacheFeedUseCaseTests.swift */,
				9831C6BE2B28B4A0003B29BE /* LoadFeedFromCacheUseCaseTests.swift */,
				9831C6C32B392910003B29BE /* ValidateFeedCacheUseCaseTests.swift */,
				98582ECF2BDD7446000E441A /* CoreDataFeedStoreTests.swift */,
			);
			path = "Feed Cache";
			sourceTree = "<group>";
		};
		9831C6B52B216225003B29BE /* Feed Cache */ = {
			isa = PBXGroup;
			children = (
				98582ED92BDE2DB5000E441A /* Infrastructure */,
				9831C6B62B216242003B29BE /* LocalFeedLoader.swift */,
				9831C6C92B465435003B29BE /* FeedCachePolicy.swift */,
				9831C6B82B21631A003B29BE /* FeedStore.swift */,
				9831C6BC2B2562C9003B29BE /* LocalFeedImage.swift */,
			);
			path = "Feed Cache";
			sourceTree = "<group>";
		};
		9831C6C02B2AADEC003B29BE /* Helper */ = {
			isa = PBXGroup;
			children = (
				9831C6C12B2AAE03003B29BE /* FeedStoreSpy.swift */,
				9831C7482B490BCC003B29BE /* FeedCacheTestHelpers.swift */,
			);
			path = Helper;
			sourceTree = "<group>";
		};
		984893792BEA0495005691BE /* Helpers */ = {
			isa = PBXGroup;
			children = (
				9848937A2BEA04AE005691BE /* UIImage+TestHelpers.swift */,
				9848937C2BEA052D005691BE /* UIRefreshControl+TestHelpers.swift */,
				9848937E2BEA058E005691BE /* UIButton+TestHelpers.swift */,
				984893832BEA8DC7005691BE /* UIControl+TestHelpers.swift */,
				984893882BEA8F46005691BE /* FeedViewController+TestHelpers.swift */,
				9848938A2BEA8FB2005691BE /* FeedImageCell+TestHelpers.swift */,
				9848938C2BEA901B005691BE /* FeedViewControllerTests+LoaderSpy.swift */,
				9848938E2BEA907C005691BE /* FeedViewControllerTests+Assertions.swift */,
				98EDC9912BF3AFA10076F494 /* FeedViewControllerTests+Localization.swift */,
			);
			path = Helpers;
			sourceTree = "<group>";
		};
		984893852BEA8E27005691BE /* Controllers */ = {
			isa = PBXGroup;
			children = (
				98582F492BE38031000E441A /* FeedViewController.swift */,
				984893992BEE8AD7005691BE /* FeedUIComposer.swift */,
				984893972BEE6590005691BE /* FeedImageCellController.swift */,
			);
			path = Controllers;
			sourceTree = "<group>";
		};
		984893862BEA8E38005691BE /* Views */ = {
			isa = PBXGroup;
			children = (
				984893752BE636A2005691BE /* FeedImageCell.swift */,
				984893772BE94C07005691BE /* UIView+Shimmering.swift */,
				98EDC9872BF35E3B0076F494 /* Feed.storyboard */,
				984893A52BF33DB9005691BE /* Feed.xcassets */,
				98EDC9892BF363970076F494 /* UITableView+Dequeueing.swift */,
				98EDC98B2BF365240076F494 /* UIImageView+Animations.swift */,
			);
			path = Views;
			sourceTree = "<group>";
		};
		984893872BEA8E6E005691BE /* Controllers */ = {
			isa = PBXGroup;
			children = (
				98582F432BE0D07C000E441A /* FeedViewControllerTests.swift */,
			);
			path = Controllers;
			sourceTree = "<group>";
		};
		984893902BEA9110005691BE /* Feed UI */ = {
			isa = PBXGroup;
			children = (
				9848939B2BF205A1005691BE /* Models */,
				984893862BEA8E38005691BE /* Views */,
				984893852BEA8E27005691BE /* Controllers */,
			);
			path = "Feed UI";
			sourceTree = "<group>";
		};
		984893912BEA9131005691BE /* Feed UI */ = {
			isa = PBXGroup;
			children = (
				984893872BEA8E6E005691BE /* Controllers */,
			);
			path = "Feed UI";
			sourceTree = "<group>";
		};
		984893922BEA9172005691BE /* Feed Image Loader */ = {
			isa = PBXGroup;
			children = (
				984893932BEA917D005691BE /* FeedImageDataLoader.swift */,
			);
			path = "Feed Image Loader";
			sourceTree = "<group>";
		};
		9848939B2BF205A1005691BE /* Models */ = {
			isa = PBXGroup;
			children = (
			);
			path = Models;
			sourceTree = "<group>";
		};
		984893A02BF25C28005691BE /* Feed Presentation */ = {
			isa = PBXGroup;
			children = (
				9848939E2BF2213B005691BE /* FeedImageViewModel.swift */,
				98EDC9832BF35C610076F494 /* FeedLoadingViewModel.swift */,
				98EDC9852BF35C750076F494 /* FeedViewModel.swift */,
				984893A12BF25F1E005691BE /* FeedPresenter.swift */,
				98EDC9812BF35C2A0076F494 /* FeedImagePresenter.swift */,
				98EDC98F2BF3AD340076F494 /* Feed.strings */,
			);
			path = "Feed Presentation";
			sourceTree = "<group>";
		};
		98582ECE2BDD6EE3000E441A /* FeedStoreSpecs */ = {
			isa = PBXGroup;
			children = (
				98582EC62BDD6412000E441A /* XCTestCase+FeedStoreSpecs.swift */,
				98582EC82BDD6C83000E441A /* XCTestCase+FailableRetrieveFeedStoreSpecs.swift */,
				98582ECC2BDD6E4B000E441A /* XCTestCase+FailableDeleteFeedStoreSpecs.swift */,
				98582ECA2BDD6DD5000E441A /* XCTestCase+FailableInsertFeedStoreSpecs.swift */,
				98582EC42BDD6318000E441A /* FeedStoreSpecs.swift */,
			);
			path = FeedStoreSpecs;
			sourceTree = "<group>";
		};
		98582ED92BDE2DB5000E441A /* Infrastructure */ = {
			isa = PBXGroup;
			children = (
				98582EDB2BDE2E34000E441A /* Codable */,
				98582EDA2BDE2DCF000E441A /* CoreData */,
			);
			path = Infrastructure;
			sourceTree = "<group>";
		};
		98582EDA2BDE2DCF000E441A /* CoreData */ = {
			isa = PBXGroup;
			children = (
				98582ED12BDD74D2000E441A /* CoreDataFeedStore.swift */,
				98582ED62BDD7ACB000E441A /* FeedStore.xcdatamodeld */,
				98582EDC2BDE2EB2000E441A /* CoreDataHelpers.swift */,
				98582EDE2BDE2F2C000E441A /* ManagedCache.swift */,
				98582EE02BDE2F3D000E441A /* ManagedFeedImage.swift */,
			);
			path = CoreData;
			sourceTree = "<group>";
		};
		98582EDB2BDE2E34000E441A /* Codable */ = {
			isa = PBXGroup;
			children = (
			);
			path = Codable;
			sourceTree = "<group>";
		};
		98582EE72BDE4743000E441A /* EssentialFeedCacheIntegrationTests */ = {
			isa = PBXGroup;
			children = (
				98582EE82BDE4743000E441A /* EssentialFeedCacheIntegrationTests.swift */,
			);
			path = EssentialFeedCacheIntegrationTests;
			sourceTree = "<group>";
		};
		98582F282BDFDFC6000E441A /* EssentialFeediOS */ = {
			isa = PBXGroup;
			children = (
				984893A02BF25C28005691BE /* Feed Presentation */,
				984893922BEA9172005691BE /* Feed Image Loader */,
				984893902BEA9110005691BE /* Feed UI */,
			);
			path = EssentialFeediOS;
			sourceTree = "<group>";
		};
		98582F322BDFDFC7000E441A /* EssentialFeediOSTests */ = {
			isa = PBXGroup;
			children = (
				984893912BEA9131005691BE /* Feed UI */,
				984893792BEA0495005691BE /* Helpers */,
			);
			path = EssentialFeediOSTests;
			sourceTree = "<group>";
		};
		98582F4B2BE391BF000E441A /* Frameworks */ = {
			isa = PBXGroup;
			children = (
			);
			name = Frameworks;
			sourceTree = "<group>";
		};
		98C349172AFCDA4B00CACFBF = {
			isa = PBXGroup;
			children = (
				98582F3C2BDFE057000E441A /* EssentialFeediOS.xctestplan */,
				98582F212BDFC038000E441A /* EssentialFeedAPIEndToEndTests.xctestplan */,
				98582EF02BDE4804000E441A /* EssentialFeedCacheIntegrationTests.xctestplan */,
				98C3496A2B14571A00CACFBF /* CI.xctestplan */,
				98C3495A2B12EE6E00CACFBF /* EssentialFeed.xctestplan */,
				98C349232AFCDA4B00CACFBF /* EssentialFeed */,
				98C3492F2AFCDA4B00CACFBF /* EssentialFeedTests */,
				98C349602B12F12800CACFBF /* EssentialFeedAPIEndToEndTests */,
				98582EE72BDE4743000E441A /* EssentialFeedCacheIntegrationTests */,
				98582F282BDFDFC6000E441A /* EssentialFeediOS */,
				98582F322BDFDFC7000E441A /* EssentialFeediOSTests */,
				98C349222AFCDA4B00CACFBF /* Products */,
				98582F4B2BE391BF000E441A /* Frameworks */,
			);
			sourceTree = "<group>";
		};
		98C349222AFCDA4B00CACFBF /* Products */ = {
			isa = PBXGroup;
			children = (
				98C349212AFCDA4B00CACFBF /* EssentialFeed.framework */,
				98C3492B2AFCDA4B00CACFBF /* EssentialFeedTests.xctest */,
				98C3495F2B12F12800CACFBF /* EssentialFeedAPIEndToEndTests.xctest */,
				98582EE62BDE4743000E441A /* EssentialFeedCacheIntegrationTests.xctest */,
				98582F272BDFDFC6000E441A /* EssentialFeediOS.framework */,
				98582F2E2BDFDFC7000E441A /* EssentialFeediOSTests.xctest */,
			);
			name = Products;
			sourceTree = "<group>";
		};
		98C349232AFCDA4B00CACFBF /* EssentialFeed */ = {
			isa = PBXGroup;
			children = (
				9831C6B52B216225003B29BE /* Feed Cache */,
				98C3494A2AFE360000CACFBF /* Feed Feature */,
				98C3494B2AFE361800CACFBF /* Feed API */,
				98C349242AFCDA4B00CACFBF /* EssentialFeed.h */,
				98C349252AFCDA4B00CACFBF /* EssentialFeed.docc */,
			);
			path = EssentialFeed;
			sourceTree = "<group>";
		};
		98C3492F2AFCDA4B00CACFBF /* EssentialFeedTests */ = {
			isa = PBXGroup;
			children = (
				98C349552B109DC700CACFBF /* Helpers */,
				9831C6B22B1995A2003B29BE /* Feed Cache */,
				98C349522B02219900CACFBF /* Feed API */,
			);
			path = EssentialFeedTests;
			sourceTree = "<group>";
		};
		98C3494A2AFE360000CACFBF /* Feed Feature */ = {
			isa = PBXGroup;
			children = (
				98C3493D2AFCDD0B00CACFBF /* FeedImage.swift */,
				98C3493F2AFCDD8E00CACFBF /* FeedLoader.swift */,
			);
			path = "Feed Feature";
			sourceTree = "<group>";
		};
		98C3494B2AFE361800CACFBF /* Feed API */ = {
			isa = PBXGroup;
			children = (
				98C3494C2AFE366600CACFBF /* RemoteFeedLoader.swift */,
				98C349502B01DD4E00CACFBF /* FeedItemsMapper.swift */,
				9831C6BA2B25627F003B29BE /* RemoteFeedItem.swift */,
				98C3494E2B01DC5700CACFBF /* HTTPClient.swift */,
				98C349582B10BB2B00CACFBF /* URLSessionHTTPClient.swift */,
			);
			path = "Feed API";
			sourceTree = "<group>";
		};
		98C349522B02219900CACFBF /* Feed API */ = {
			isa = PBXGroup;
			children = (
				98C349482AFE115F00CACFBF /* LoadFeedFromRemoteUseCaseTests.swift */,
				98C349532B0E554A00CACFBF /* URLSessionHTTPClientTests.swift */,
			);
			path = "Feed API";
			sourceTree = "<group>";
		};
		98C349552B109DC700CACFBF /* Helpers */ = {
			isa = PBXGroup;
			children = (
				98C349562B109E1900CACFBF /* XCTestCase+MemoryLeakTracking.swift */,
				9831C6C72B3C197C003B29BE /* SharedTestHelpers.swift */,
			);
			path = Helpers;
			sourceTree = "<group>";
		};
		98C349602B12F12800CACFBF /* EssentialFeedAPIEndToEndTests */ = {
			isa = PBXGroup;
			children = (
				98C349612B12F12800CACFBF /* EssentialFeedAPIEndToEndTests.swift */,
			);
			path = EssentialFeedAPIEndToEndTests;
			sourceTree = "<group>";
		};
/* End PBXGroup section */

/* Begin PBXHeadersBuildPhase section */
		98582F222BDFDFC6000E441A /* Headers */ = {
			isa = PBXHeadersBuildPhase;
			buildActionMask = 2147483647;
			files = (
			);
			runOnlyForDeploymentPostprocessing = 0;
		};
		98C3491C2AFCDA4B00CACFBF /* Headers */ = {
			isa = PBXHeadersBuildPhase;
			buildActionMask = 2147483647;
			files = (
				98C349322AFCDA4B00CACFBF /* EssentialFeed.h in Headers */,
			);
			runOnlyForDeploymentPostprocessing = 0;
		};
/* End PBXHeadersBuildPhase section */

/* Begin PBXNativeTarget section */
		98582EE52BDE4743000E441A /* EssentialFeedCacheIntegrationTests */ = {
			isa = PBXNativeTarget;
			buildConfigurationList = 98582EED2BDE4743000E441A /* Build configuration list for PBXNativeTarget "EssentialFeedCacheIntegrationTests" */;
			buildPhases = (
				98582EE22BDE4743000E441A /* Sources */,
				98582EE32BDE4743000E441A /* Frameworks */,
				98582EE42BDE4743000E441A /* Resources */,
			);
			buildRules = (
			);
			dependencies = (
				98582EEC2BDE4743000E441A /* PBXTargetDependency */,
			);
			name = EssentialFeedCacheIntegrationTests;
			productName = EssentialFeedCacheIntegrationTests;
			productReference = 98582EE62BDE4743000E441A /* EssentialFeedCacheIntegrationTests.xctest */;
			productType = "com.apple.product-type.bundle.unit-test";
		};
		98582F262BDFDFC6000E441A /* EssentialFeediOS */ = {
			isa = PBXNativeTarget;
			buildConfigurationList = 98582F362BDFDFC7000E441A /* Build configuration list for PBXNativeTarget "EssentialFeediOS" */;
			buildPhases = (
				98582F222BDFDFC6000E441A /* Headers */,
				98582F232BDFDFC6000E441A /* Sources */,
				98582F242BDFDFC6000E441A /* Frameworks */,
				98582F252BDFDFC6000E441A /* Resources */,
			);
			buildRules = (
			);
			dependencies = (
			);
			name = EssentialFeediOS;
			productName = EssentialFeediOS;
			productReference = 98582F272BDFDFC6000E441A /* EssentialFeediOS.framework */;
			productType = "com.apple.product-type.framework";
		};
		98582F2D2BDFDFC7000E441A /* EssentialFeediOSTests */ = {
			isa = PBXNativeTarget;
			buildConfigurationList = 98582F392BDFDFC7000E441A /* Build configuration list for PBXNativeTarget "EssentialFeediOSTests" */;
			buildPhases = (
				98582F2A2BDFDFC7000E441A /* Sources */,
				98582F2B2BDFDFC7000E441A /* Frameworks */,
				98582F2C2BDFDFC7000E441A /* Resources */,
			);
			buildRules = (
			);
			dependencies = (
				98582F312BDFDFC7000E441A /* PBXTargetDependency */,
			);
			name = EssentialFeediOSTests;
			productName = EssentialFeediOSTests;
			productReference = 98582F2E2BDFDFC7000E441A /* EssentialFeediOSTests.xctest */;
			productType = "com.apple.product-type.bundle.unit-test";
		};
		98C349202AFCDA4B00CACFBF /* EssentialFeed */ = {
			isa = PBXNativeTarget;
			buildConfigurationList = 98C349352AFCDA4B00CACFBF /* Build configuration list for PBXNativeTarget "EssentialFeed" */;
			buildPhases = (
				98C3491C2AFCDA4B00CACFBF /* Headers */,
				98C3491D2AFCDA4B00CACFBF /* Sources */,
				98C3491E2AFCDA4B00CACFBF /* Frameworks */,
				98C3491F2AFCDA4B00CACFBF /* Resources */,
			);
			buildRules = (
			);
			dependencies = (
			);
			name = EssentialFeed;
			productName = EssentialFeed;
			productReference = 98C349212AFCDA4B00CACFBF /* EssentialFeed.framework */;
			productType = "com.apple.product-type.framework";
		};
		98C3492A2AFCDA4B00CACFBF /* EssentialFeedTests */ = {
			isa = PBXNativeTarget;
			buildConfigurationList = 98C349382AFCDA4B00CACFBF /* Build configuration list for PBXNativeTarget "EssentialFeedTests" */;
			buildPhases = (
				98C349272AFCDA4B00CACFBF /* Sources */,
				98C349282AFCDA4B00CACFBF /* Frameworks */,
				98C349292AFCDA4B00CACFBF /* Resources */,
			);
			buildRules = (
			);
			dependencies = (
				98C3492E2AFCDA4B00CACFBF /* PBXTargetDependency */,
			);
			name = EssentialFeedTests;
			productName = EssentialFeedTests;
			productReference = 98C3492B2AFCDA4B00CACFBF /* EssentialFeedTests.xctest */;
			productType = "com.apple.product-type.bundle.unit-test";
		};
		98C3495E2B12F12800CACFBF /* EssentialFeedAPIEndToEndTests */ = {
			isa = PBXNativeTarget;
			buildConfigurationList = 98C349662B12F12800CACFBF /* Build configuration list for PBXNativeTarget "EssentialFeedAPIEndToEndTests" */;
			buildPhases = (
				98C3495B2B12F12800CACFBF /* Sources */,
				98C3495C2B12F12800CACFBF /* Frameworks */,
				98C3495D2B12F12800CACFBF /* Resources */,
			);
			buildRules = (
			);
			dependencies = (
				98C349652B12F12800CACFBF /* PBXTargetDependency */,
			);
			name = EssentialFeedAPIEndToEndTests;
			productName = EssentialFeedAPIEndToEndTests;
			productReference = 98C3495F2B12F12800CACFBF /* EssentialFeedAPIEndToEndTests.xctest */;
			productType = "com.apple.product-type.bundle.unit-test";
		};
/* End PBXNativeTarget section */

/* Begin PBXProject section */
		98C349182AFCDA4B00CACFBF /* Project object */ = {
			isa = PBXProject;
			attributes = {
				BuildIndependentTargetsInParallel = 1;
				LastSwiftUpdateCheck = 1500;
				LastUpgradeCheck = 1500;
				TargetAttributes = {
					98582EE52BDE4743000E441A = {
						CreatedOnToolsVersion = 15.0;
					};
					98582F262BDFDFC6000E441A = {
						CreatedOnToolsVersion = 15.0;
						LastSwiftMigration = 1500;
					};
					98582F2D2BDFDFC7000E441A = {
						CreatedOnToolsVersion = 15.0;
					};
					98C349202AFCDA4B00CACFBF = {
						CreatedOnToolsVersion = 15.0;
					};
					98C3492A2AFCDA4B00CACFBF = {
						CreatedOnToolsVersion = 15.0;
					};
					98C3495E2B12F12800CACFBF = {
						CreatedOnToolsVersion = 15.0;
					};
				};
			};
			buildConfigurationList = 98C3491B2AFCDA4B00CACFBF /* Build configuration list for PBXProject "EssentialFeed" */;
			compatibilityVersion = "Xcode 14.0";
			developmentRegion = en;
			hasScannedForEncodings = 0;
			knownRegions = (
				en,
				Base,
				el,
			);
			mainGroup = 98C349172AFCDA4B00CACFBF;
			productRefGroup = 98C349222AFCDA4B00CACFBF /* Products */;
			projectDirPath = "";
			projectRoot = "";
			targets = (
				98C349202AFCDA4B00CACFBF /* EssentialFeed */,
				98C3492A2AFCDA4B00CACFBF /* EssentialFeedTests */,
				98C3495E2B12F12800CACFBF /* EssentialFeedAPIEndToEndTests */,
				98582EE52BDE4743000E441A /* EssentialFeedCacheIntegrationTests */,
				98582F262BDFDFC6000E441A /* EssentialFeediOS */,
				98582F2D2BDFDFC7000E441A /* EssentialFeediOSTests */,
			);
		};
/* End PBXProject section */

/* Begin PBXResourcesBuildPhase section */
		98582EE42BDE4743000E441A /* Resources */ = {
			isa = PBXResourcesBuildPhase;
			buildActionMask = 2147483647;
			files = (
			);
			runOnlyForDeploymentPostprocessing = 0;
		};
		98582F252BDFDFC6000E441A /* Resources */ = {
			isa = PBXResourcesBuildPhase;
			buildActionMask = 2147483647;
			files = (
				98EDC9882BF35E3B0076F494 /* Feed.storyboard in Resources */,
				984893A62BF33DB9005691BE /* Feed.xcassets in Resources */,
				98EDC9902BF3AD340076F494 /* Feed.strings in Resources */,
			);
			runOnlyForDeploymentPostprocessing = 0;
		};
		98582F2C2BDFDFC7000E441A /* Resources */ = {
			isa = PBXResourcesBuildPhase;
			buildActionMask = 2147483647;
			files = (
			);
			runOnlyForDeploymentPostprocessing = 0;
		};
		98C3491F2AFCDA4B00CACFBF /* Resources */ = {
			isa = PBXResourcesBuildPhase;
			buildActionMask = 2147483647;
			files = (
			);
			runOnlyForDeploymentPostprocessing = 0;
		};
		98C349292AFCDA4B00CACFBF /* Resources */ = {
			isa = PBXResourcesBuildPhase;
			buildActionMask = 2147483647;
			files = (
			);
			runOnlyForDeploymentPostprocessing = 0;
		};
		98C3495D2B12F12800CACFBF /* Resources */ = {
			isa = PBXResourcesBuildPhase;
			buildActionMask = 2147483647;
			files = (
			);
			runOnlyForDeploymentPostprocessing = 0;
		};
/* End PBXResourcesBuildPhase section */

/* Begin PBXSourcesBuildPhase section */
		98582EE22BDE4743000E441A /* Sources */ = {
			isa = PBXSourcesBuildPhase;
			buildActionMask = 2147483647;
			files = (
				98582EF42BDE4E75000E441A /* FeedCacheTestHelpers.swift in Sources */,
				98582EE92BDE4743000E441A /* EssentialFeedCacheIntegrationTests.swift in Sources */,
				98582EF12BDE4C63000E441A /* XCTestCase+MemoryLeakTracking.swift in Sources */,
				98582EF32BDE4E70000E441A /* SharedTestHelpers.swift in Sources */,
			);
			runOnlyForDeploymentPostprocessing = 0;
		};
		98582F232BDFDFC6000E441A /* Sources */ = {
			isa = PBXSourcesBuildPhase;
			buildActionMask = 2147483647;
			files = (
				984893A22BF25F1E005691BE /* FeedPresenter.swift in Sources */,
				984893942BEA917D005691BE /* FeedImageDataLoader.swift in Sources */,
				984893782BE94C07005691BE /* UIView+Shimmering.swift in Sources */,
				98EDC98A2BF363970076F494 /* UITableView+Dequeueing.swift in Sources */,
				98582F4A2BE38031000E441A /* FeedViewController.swift in Sources */,
				984893762BE636A2005691BE /* FeedImageCell.swift in Sources */,
				98EDC9862BF35C750076F494 /* FeedViewModel.swift in Sources */,
				98EDC98C2BF365240076F494 /* UIImageView+Animations.swift in Sources */,
				9848939F2BF2213B005691BE /* FeedImageViewModel.swift in Sources */,
				984893982BEE6590005691BE /* FeedImageCellController.swift in Sources */,
				98EDC9842BF35C610076F494 /* FeedLoadingViewModel.swift in Sources */,
				98EDC9822BF35C2A0076F494 /* FeedImagePresenter.swift in Sources */,
				9848939A2BEE8AD7005691BE /* FeedUIComposer.swift in Sources */,
			);
			runOnlyForDeploymentPostprocessing = 0;
		};
		98582F2A2BDFDFC7000E441A /* Sources */ = {
			isa = PBXSourcesBuildPhase;
			buildActionMask = 2147483647;
			files = (
				98582F472BE37F4D000E441A /* FeedViewControllerTests.swift in Sources */,
				9848938F2BEA907C005691BE /* FeedViewControllerTests+Assertions.swift in Sources */,
				9848937F2BEA058E005691BE /* UIButton+TestHelpers.swift in Sources */,
				9848937D2BEA052D005691BE /* UIRefreshControl+TestHelpers.swift in Sources */,
				984893842BEA8DC7005691BE /* UIControl+TestHelpers.swift in Sources */,
				9848938D2BEA901B005691BE /* FeedViewControllerTests+LoaderSpy.swift in Sources */,
				984893892BEA8F46005691BE /* FeedViewController+TestHelpers.swift in Sources */,
				98582F482BE37FBF000E441A /* XCTestCase+MemoryLeakTracking.swift in Sources */,
				9848937B2BEA04AE005691BE /* UIImage+TestHelpers.swift in Sources */,
				9848938B2BEA8FB2005691BE /* FeedImageCell+TestHelpers.swift in Sources */,
				98EDC9922BF3AFA10076F494 /* FeedViewControllerTests+Localization.swift in Sources */,
			);
			runOnlyForDeploymentPostprocessing = 0;
		};
		98C3491D2AFCDA4B00CACFBF /* Sources */ = {
			isa = PBXSourcesBuildPhase;
			buildActionMask = 2147483647;
			files = (
				9831C6BD2B2562C9003B29BE /* LocalFeedImage.swift in Sources */,
				98582ED82BDD7ACB000E441A /* FeedStore.xcdatamodeld in Sources */,
				9831C6B92B21631A003B29BE /* FeedStore.swift in Sources */,
				98C349592B10BB2B00CACFBF /* URLSessionHTTPClient.swift in Sources */,
				98C3494D2AFE366600CACFBF /* RemoteFeedLoader.swift in Sources */,
				98C3494F2B01DC5700CACFBF /* HTTPClient.swift in Sources */,
				98582EDD2BDE2EB2000E441A /* CoreDataHelpers.swift in Sources */,
				98C349402AFCDD8E00CACFBF /* FeedLoader.swift in Sources */,
				98582ED22BDD74D2000E441A /* CoreDataFeedStore.swift in Sources */,
				98582EDF2BDE2F2C000E441A /* ManagedCache.swift in Sources */,
				98C349512B01DD4E00CACFBF /* FeedItemsMapper.swift in Sources */,
				9831C6BB2B25627F003B29BE /* RemoteFeedItem.swift in Sources */,
				9831C6CA2B465435003B29BE /* FeedCachePolicy.swift in Sources */,
				98C3493E2AFCDD0B00CACFBF /* FeedImage.swift in Sources */,
				98582EE12BDE2F3D000E441A /* ManagedFeedImage.swift in Sources */,
				9831C6B72B216242003B29BE /* LocalFeedLoader.swift in Sources */,
				98C349262AFCDA4B00CACFBF /* EssentialFeed.docc in Sources */,
			);
			runOnlyForDeploymentPostprocessing = 0;
		};
		98C349272AFCDA4B00CACFBF /* Sources */ = {
			isa = PBXSourcesBuildPhase;
			buildActionMask = 2147483647;
			files = (
				9831C6C42B392910003B29BE /* ValidateFeedCacheUseCaseTests.swift in Sources */,
				98C349492AFE115F00CACFBF /* LoadFeedFromRemoteUseCaseTests.swift in Sources */,
				98C349542B0E554A00CACFBF /* URLSessionHTTPClientTests.swift in Sources */,
				98582ECB2BDD6DD5000E441A /* XCTestCase+FailableInsertFeedStoreSpecs.swift in Sources */,
				9831C6C22B2AAE03003B29BE /* FeedStoreSpy.swift in Sources */,
				9831C7492B490BCC003B29BE /* FeedCacheTestHelpers.swift in Sources */,
				9831C6C82B3C197C003B29BE /* SharedTestHelpers.swift in Sources */,
				9831C6B42B1995EE003B29BE /* CacheFeedUseCaseTests.swift in Sources */,
				98582ECD2BDD6E4B000E441A /* XCTestCase+FailableDeleteFeedStoreSpecs.swift in Sources */,
				98582EC92BDD6C83000E441A /* XCTestCase+FailableRetrieveFeedStoreSpecs.swift in Sources */,
				9831C6BF2B28B4A0003B29BE /* LoadFeedFromCacheUseCaseTests.swift in Sources */,
				98582EC52BDD6318000E441A /* FeedStoreSpecs.swift in Sources */,
				98C349572B109E1900CACFBF /* XCTestCase+MemoryLeakTracking.swift in Sources */,
				98582ED02BDD7446000E441A /* CoreDataFeedStoreTests.swift in Sources */,
				98582EC72BDD6412000E441A /* XCTestCase+FeedStoreSpecs.swift in Sources */,
			);
			runOnlyForDeploymentPostprocessing = 0;
		};
		98C3495B2B12F12800CACFBF /* Sources */ = {
			isa = PBXSourcesBuildPhase;
			buildActionMask = 2147483647;
			files = (
				98C349622B12F12800CACFBF /* EssentialFeedAPIEndToEndTests.swift in Sources */,
				98C349692B12FFA500CACFBF /* XCTestCase+MemoryLeakTracking.swift in Sources */,
			);
			runOnlyForDeploymentPostprocessing = 0;
		};
/* End PBXSourcesBuildPhase section */

/* Begin PBXTargetDependency section */
		98582EEC2BDE4743000E441A /* PBXTargetDependency */ = {
			isa = PBXTargetDependency;
			target = 98C349202AFCDA4B00CACFBF /* EssentialFeed */;
			targetProxy = 98582EEB2BDE4743000E441A /* PBXContainerItemProxy */;
		};
		98582F312BDFDFC7000E441A /* PBXTargetDependency */ = {
			isa = PBXTargetDependency;
			target = 98582F262BDFDFC6000E441A /* EssentialFeediOS */;
			targetProxy = 98582F302BDFDFC7000E441A /* PBXContainerItemProxy */;
		};
		98C3492E2AFCDA4B00CACFBF /* PBXTargetDependency */ = {
			isa = PBXTargetDependency;
			target = 98C349202AFCDA4B00CACFBF /* EssentialFeed */;
			targetProxy = 98C3492D2AFCDA4B00CACFBF /* PBXContainerItemProxy */;
		};
		98C349652B12F12800CACFBF /* PBXTargetDependency */ = {
			isa = PBXTargetDependency;
			target = 98C349202AFCDA4B00CACFBF /* EssentialFeed */;
			targetProxy = 98C349642B12F12800CACFBF /* PBXContainerItemProxy */;
		};
/* End PBXTargetDependency section */

/* Begin XCBuildConfiguration section */
		98582EEE2BDE4743000E441A /* Debug */ = {
			isa = XCBuildConfiguration;
			buildSettings = {
				ALLOW_TARGET_PLATFORM_SPECIALIZATION = YES;
				"CODE_SIGN_IDENTITY[sdk=macosx*]" = "-";
				CODE_SIGN_STYLE = Automatic;
				CURRENT_PROJECT_VERSION = 1;
				DEVELOPMENT_TEAM = 28S828G24C;
				GENERATE_INFOPLIST_FILE = YES;
				MARKETING_VERSION = 1.0;
				PRODUCT_BUNDLE_IDENTIFIER = com.humble.EssentialFeedCacheIntegrationTests;
				PRODUCT_NAME = "$(TARGET_NAME)";
				SUPPORTED_PLATFORMS = "macosx iphonesimulator iphoneos";
				SUPPORTS_MACCATALYST = YES;
				SWIFT_EMIT_LOC_STRINGS = NO;
				SWIFT_VERSION = 5.0;
			};
			name = Debug;
		};
		98582EEF2BDE4743000E441A /* Release */ = {
			isa = XCBuildConfiguration;
			buildSettings = {
				ALLOW_TARGET_PLATFORM_SPECIALIZATION = YES;
				"CODE_SIGN_IDENTITY[sdk=macosx*]" = "-";
				CODE_SIGN_STYLE = Automatic;
				CURRENT_PROJECT_VERSION = 1;
				DEVELOPMENT_TEAM = 28S828G24C;
				GENERATE_INFOPLIST_FILE = YES;
				MARKETING_VERSION = 1.0;
				PRODUCT_BUNDLE_IDENTIFIER = com.humble.EssentialFeedCacheIntegrationTests;
				PRODUCT_NAME = "$(TARGET_NAME)";
				SUPPORTED_PLATFORMS = "macosx iphonesimulator iphoneos";
				SUPPORTS_MACCATALYST = YES;
				SWIFT_EMIT_LOC_STRINGS = NO;
				SWIFT_VERSION = 5.0;
			};
			name = Release;
		};
		98582F372BDFDFC7000E441A /* Debug */ = {
			isa = XCBuildConfiguration;
			buildSettings = {
				CLANG_ENABLE_MODULES = YES;
				"CODE_SIGN_IDENTITY[sdk=macosx*]" = "-";
				CODE_SIGN_STYLE = Automatic;
				CURRENT_PROJECT_VERSION = 1;
				DEFINES_MODULE = YES;
				DEVELOPMENT_TEAM = 28S828G24C;
				DYLIB_COMPATIBILITY_VERSION = 1;
				DYLIB_CURRENT_VERSION = 1;
				DYLIB_INSTALL_NAME_BASE = "@rpath";
				ENABLE_MODULE_VERIFIER = YES;
				GENERATE_INFOPLIST_FILE = YES;
				INFOPLIST_KEY_NSHumanReadableCopyright = "";
				INSTALL_PATH = "$(LOCAL_LIBRARY_DIR)/Frameworks";
				IPHONEOS_DEPLOYMENT_TARGET = 16.0;
				LD_RUNPATH_SEARCH_PATHS = (
					"$(inherited)",
					"@executable_path/Frameworks",
					"@loader_path/Frameworks",
				);
				MARKETING_VERSION = 1.0;
				MODULE_VERIFIER_SUPPORTED_LANGUAGES = "objective-c objective-c++";
				MODULE_VERIFIER_SUPPORTED_LANGUAGE_STANDARDS = "gnu17 gnu++20";
				PRODUCT_BUNDLE_IDENTIFIER = com.humble.EssentialFeediOS;
				PRODUCT_NAME = "$(TARGET_NAME:c99extidentifier)";
				SDKROOT = iphoneos;
				SKIP_INSTALL = YES;
				SWIFT_EMIT_LOC_STRINGS = YES;
				SWIFT_OPTIMIZATION_LEVEL = "-Onone";
				SWIFT_VERSION = 5.0;
				TARGETED_DEVICE_FAMILY = "1,2";
			};
			name = Debug;
		};
		98582F382BDFDFC7000E441A /* Release */ = {
			isa = XCBuildConfiguration;
			buildSettings = {
				CLANG_ENABLE_MODULES = YES;
				"CODE_SIGN_IDENTITY[sdk=macosx*]" = "-";
				CODE_SIGN_STYLE = Automatic;
				CURRENT_PROJECT_VERSION = 1;
				DEFINES_MODULE = YES;
				DEVELOPMENT_TEAM = 28S828G24C;
				DYLIB_COMPATIBILITY_VERSION = 1;
				DYLIB_CURRENT_VERSION = 1;
				DYLIB_INSTALL_NAME_BASE = "@rpath";
				ENABLE_MODULE_VERIFIER = YES;
				GENERATE_INFOPLIST_FILE = YES;
				INFOPLIST_KEY_NSHumanReadableCopyright = "";
				INSTALL_PATH = "$(LOCAL_LIBRARY_DIR)/Frameworks";
				IPHONEOS_DEPLOYMENT_TARGET = 16.0;
				LD_RUNPATH_SEARCH_PATHS = (
					"$(inherited)",
					"@executable_path/Frameworks",
					"@loader_path/Frameworks",
				);
				MARKETING_VERSION = 1.0;
				MODULE_VERIFIER_SUPPORTED_LANGUAGES = "objective-c objective-c++";
				MODULE_VERIFIER_SUPPORTED_LANGUAGE_STANDARDS = "gnu17 gnu++20";
				PRODUCT_BUNDLE_IDENTIFIER = com.humble.EssentialFeediOS;
				PRODUCT_NAME = "$(TARGET_NAME:c99extidentifier)";
				SDKROOT = iphoneos;
				SKIP_INSTALL = YES;
				SWIFT_EMIT_LOC_STRINGS = YES;
				SWIFT_VERSION = 5.0;
				TARGETED_DEVICE_FAMILY = "1,2";
				VALIDATE_PRODUCT = YES;
			};
			name = Release;
		};
		98582F3A2BDFDFC7000E441A /* Debug */ = {
			isa = XCBuildConfiguration;
			buildSettings = {
				ALWAYS_EMBED_SWIFT_STANDARD_LIBRARIES = YES;
				"CODE_SIGN_IDENTITY[sdk=macosx*]" = "-";
				CODE_SIGN_STYLE = Automatic;
				CURRENT_PROJECT_VERSION = 1;
				DEVELOPMENT_TEAM = 28S828G24C;
				GENERATE_INFOPLIST_FILE = YES;
				IPHONEOS_DEPLOYMENT_TARGET = 16.0;
				MARKETING_VERSION = 1.0;
				PRODUCT_BUNDLE_IDENTIFIER = com.humble.EssentialFeediOSTests;
				PRODUCT_NAME = "$(TARGET_NAME)";
				SDKROOT = iphoneos;
				SWIFT_EMIT_LOC_STRINGS = NO;
				SWIFT_VERSION = 5.0;
				TARGETED_DEVICE_FAMILY = "1,2";
			};
			name = Debug;
		};
		98582F3B2BDFDFC7000E441A /* Release */ = {
			isa = XCBuildConfiguration;
			buildSettings = {
				ALWAYS_EMBED_SWIFT_STANDARD_LIBRARIES = YES;
				"CODE_SIGN_IDENTITY[sdk=macosx*]" = "-";
				CODE_SIGN_STYLE = Automatic;
				CURRENT_PROJECT_VERSION = 1;
				DEVELOPMENT_TEAM = 28S828G24C;
				GENERATE_INFOPLIST_FILE = YES;
				IPHONEOS_DEPLOYMENT_TARGET = 16.0;
				MARKETING_VERSION = 1.0;
				PRODUCT_BUNDLE_IDENTIFIER = com.humble.EssentialFeediOSTests;
				PRODUCT_NAME = "$(TARGET_NAME)";
				SDKROOT = iphoneos;
				SWIFT_EMIT_LOC_STRINGS = NO;
				SWIFT_VERSION = 5.0;
				TARGETED_DEVICE_FAMILY = "1,2";
				VALIDATE_PRODUCT = YES;
			};
			name = Release;
		};
		98C349332AFCDA4B00CACFBF /* Debug */ = {
			isa = XCBuildConfiguration;
			buildSettings = {
				ALWAYS_SEARCH_USER_PATHS = NO;
				ASSETCATALOG_COMPILER_GENERATE_SWIFT_ASSET_SYMBOL_EXTENSIONS = YES;
				CLANG_ANALYZER_NONNULL = YES;
				CLANG_ANALYZER_NUMBER_OBJECT_CONVERSION = YES_AGGRESSIVE;
				CLANG_CXX_LANGUAGE_STANDARD = "gnu++20";
				CLANG_ENABLE_MODULES = YES;
				CLANG_ENABLE_OBJC_ARC = YES;
				CLANG_ENABLE_OBJC_WEAK = YES;
				CLANG_WARN_BLOCK_CAPTURE_AUTORELEASING = YES;
				CLANG_WARN_BOOL_CONVERSION = YES;
				CLANG_WARN_COMMA = YES;
				CLANG_WARN_CONSTANT_CONVERSION = YES;
				CLANG_WARN_DEPRECATED_OBJC_IMPLEMENTATIONS = YES;
				CLANG_WARN_DIRECT_OBJC_ISA_USAGE = YES_ERROR;
				CLANG_WARN_DOCUMENTATION_COMMENTS = YES;
				CLANG_WARN_EMPTY_BODY = YES;
				CLANG_WARN_ENUM_CONVERSION = YES;
				CLANG_WARN_INFINITE_RECURSION = YES;
				CLANG_WARN_INT_CONVERSION = YES;
				CLANG_WARN_NON_LITERAL_NULL_CONVERSION = YES;
				CLANG_WARN_OBJC_IMPLICIT_RETAIN_SELF = YES;
				CLANG_WARN_OBJC_LITERAL_CONVERSION = YES;
				CLANG_WARN_OBJC_ROOT_CLASS = YES_ERROR;
				CLANG_WARN_QUOTED_INCLUDE_IN_FRAMEWORK_HEADER = YES;
				CLANG_WARN_RANGE_LOOP_ANALYSIS = YES;
				CLANG_WARN_STRICT_PROTOTYPES = YES;
				CLANG_WARN_SUSPICIOUS_MOVE = YES;
				CLANG_WARN_UNGUARDED_AVAILABILITY = YES_AGGRESSIVE;
				CLANG_WARN_UNREACHABLE_CODE = YES;
				CLANG_WARN__DUPLICATE_METHOD_MATCH = YES;
				COPY_PHASE_STRIP = NO;
				CURRENT_PROJECT_VERSION = 1;
				DEBUG_INFORMATION_FORMAT = dwarf;
				ENABLE_STRICT_OBJC_MSGSEND = YES;
				ENABLE_TESTABILITY = YES;
				ENABLE_USER_SCRIPT_SANDBOXING = YES;
				GCC_C_LANGUAGE_STANDARD = gnu17;
				GCC_DYNAMIC_NO_PIC = NO;
				GCC_NO_COMMON_BLOCKS = YES;
				GCC_OPTIMIZATION_LEVEL = 0;
				GCC_PREPROCESSOR_DEFINITIONS = (
					"DEBUG=1",
					"$(inherited)",
				);
				GCC_WARN_64_TO_32_BIT_CONVERSION = YES;
				GCC_WARN_ABOUT_RETURN_TYPE = YES_ERROR;
				GCC_WARN_UNDECLARED_SELECTOR = YES;
				GCC_WARN_UNINITIALIZED_AUTOS = YES_AGGRESSIVE;
				GCC_WARN_UNUSED_FUNCTION = YES;
				GCC_WARN_UNUSED_VARIABLE = YES;
				LOCALIZATION_PREFERS_STRING_CATALOGS = YES;
				MACOSX_DEPLOYMENT_TARGET = 14.0;
				MTL_ENABLE_DEBUG_INFO = INCLUDE_SOURCE;
				MTL_FAST_MATH = YES;
				ONLY_ACTIVE_ARCH = YES;
				SDKROOT = macosx;
				SWIFT_ACTIVE_COMPILATION_CONDITIONS = "DEBUG $(inherited)";
				SWIFT_OPTIMIZATION_LEVEL = "-Onone";
				VERSIONING_SYSTEM = "apple-generic";
				VERSION_INFO_PREFIX = "";
			};
			name = Debug;
		};
		98C349342AFCDA4B00CACFBF /* Release */ = {
			isa = XCBuildConfiguration;
			buildSettings = {
				ALWAYS_SEARCH_USER_PATHS = NO;
				ASSETCATALOG_COMPILER_GENERATE_SWIFT_ASSET_SYMBOL_EXTENSIONS = YES;
				CLANG_ANALYZER_NONNULL = YES;
				CLANG_ANALYZER_NUMBER_OBJECT_CONVERSION = YES_AGGRESSIVE;
				CLANG_CXX_LANGUAGE_STANDARD = "gnu++20";
				CLANG_ENABLE_MODULES = YES;
				CLANG_ENABLE_OBJC_ARC = YES;
				CLANG_ENABLE_OBJC_WEAK = YES;
				CLANG_WARN_BLOCK_CAPTURE_AUTORELEASING = YES;
				CLANG_WARN_BOOL_CONVERSION = YES;
				CLANG_WARN_COMMA = YES;
				CLANG_WARN_CONSTANT_CONVERSION = YES;
				CLANG_WARN_DEPRECATED_OBJC_IMPLEMENTATIONS = YES;
				CLANG_WARN_DIRECT_OBJC_ISA_USAGE = YES_ERROR;
				CLANG_WARN_DOCUMENTATION_COMMENTS = YES;
				CLANG_WARN_EMPTY_BODY = YES;
				CLANG_WARN_ENUM_CONVERSION = YES;
				CLANG_WARN_INFINITE_RECURSION = YES;
				CLANG_WARN_INT_CONVERSION = YES;
				CLANG_WARN_NON_LITERAL_NULL_CONVERSION = YES;
				CLANG_WARN_OBJC_IMPLICIT_RETAIN_SELF = YES;
				CLANG_WARN_OBJC_LITERAL_CONVERSION = YES;
				CLANG_WARN_OBJC_ROOT_CLASS = YES_ERROR;
				CLANG_WARN_QUOTED_INCLUDE_IN_FRAMEWORK_HEADER = YES;
				CLANG_WARN_RANGE_LOOP_ANALYSIS = YES;
				CLANG_WARN_STRICT_PROTOTYPES = YES;
				CLANG_WARN_SUSPICIOUS_MOVE = YES;
				CLANG_WARN_UNGUARDED_AVAILABILITY = YES_AGGRESSIVE;
				CLANG_WARN_UNREACHABLE_CODE = YES;
				CLANG_WARN__DUPLICATE_METHOD_MATCH = YES;
				COPY_PHASE_STRIP = NO;
				CURRENT_PROJECT_VERSION = 1;
				DEBUG_INFORMATION_FORMAT = "dwarf-with-dsym";
				ENABLE_NS_ASSERTIONS = NO;
				ENABLE_STRICT_OBJC_MSGSEND = YES;
				ENABLE_USER_SCRIPT_SANDBOXING = YES;
				GCC_C_LANGUAGE_STANDARD = gnu17;
				GCC_NO_COMMON_BLOCKS = YES;
				GCC_WARN_64_TO_32_BIT_CONVERSION = YES;
				GCC_WARN_ABOUT_RETURN_TYPE = YES_ERROR;
				GCC_WARN_UNDECLARED_SELECTOR = YES;
				GCC_WARN_UNINITIALIZED_AUTOS = YES_AGGRESSIVE;
				GCC_WARN_UNUSED_FUNCTION = YES;
				GCC_WARN_UNUSED_VARIABLE = YES;
				LOCALIZATION_PREFERS_STRING_CATALOGS = YES;
				MACOSX_DEPLOYMENT_TARGET = 14.0;
				MTL_ENABLE_DEBUG_INFO = NO;
				MTL_FAST_MATH = YES;
				SDKROOT = macosx;
				SWIFT_COMPILATION_MODE = wholemodule;
				VERSIONING_SYSTEM = "apple-generic";
				VERSION_INFO_PREFIX = "";
			};
			name = Release;
		};
		98C349362AFCDA4B00CACFBF /* Debug */ = {
			isa = XCBuildConfiguration;
			buildSettings = {
				ALLOW_TARGET_PLATFORM_SPECIALIZATION = YES;
				"CODE_SIGN_IDENTITY[sdk=macosx*]" = "-";
				CODE_SIGN_STYLE = Automatic;
				COMBINE_HIDPI_IMAGES = YES;
				CURRENT_PROJECT_VERSION = 1;
				DEFINES_MODULE = YES;
				DEVELOPMENT_TEAM = 28S828G24C;
				DYLIB_COMPATIBILITY_VERSION = 1;
				DYLIB_CURRENT_VERSION = 1;
				DYLIB_INSTALL_NAME_BASE = "@rpath";
				ENABLE_MODULE_VERIFIER = YES;
				GENERATE_INFOPLIST_FILE = YES;
				INFOPLIST_KEY_NSHumanReadableCopyright = "";
				INSTALL_PATH = "$(LOCAL_LIBRARY_DIR)/Frameworks";
				IPHONEOS_DEPLOYMENT_TARGET = 16.0;
				LD_RUNPATH_SEARCH_PATHS = (
					"$(inherited)",
					"@executable_path/../Frameworks",
					"@loader_path/Frameworks",
				);
				MACOSX_DEPLOYMENT_TARGET = 12.0;
				MARKETING_VERSION = 1.0;
				MODULE_VERIFIER_SUPPORTED_LANGUAGES = "objective-c objective-c++";
				MODULE_VERIFIER_SUPPORTED_LANGUAGE_STANDARDS = "gnu17 gnu++20";
				PRODUCT_BUNDLE_IDENTIFIER = com.humble.EssentialFeed;
				PRODUCT_NAME = "$(TARGET_NAME:c99extidentifier)";
				SKIP_INSTALL = YES;
				SUPPORTED_PLATFORMS = "macosx iphonesimulator iphoneos";
				SUPPORTS_MACCATALYST = YES;
				SWIFT_EMIT_LOC_STRINGS = YES;
				SWIFT_VERSION = 5.0;
			};
			name = Debug;
		};
		98C349372AFCDA4B00CACFBF /* Release */ = {
			isa = XCBuildConfiguration;
			buildSettings = {
				ALLOW_TARGET_PLATFORM_SPECIALIZATION = YES;
				"CODE_SIGN_IDENTITY[sdk=macosx*]" = "-";
				CODE_SIGN_STYLE = Automatic;
				COMBINE_HIDPI_IMAGES = YES;
				CURRENT_PROJECT_VERSION = 1;
				DEFINES_MODULE = YES;
				DEVELOPMENT_TEAM = 28S828G24C;
				DYLIB_COMPATIBILITY_VERSION = 1;
				DYLIB_CURRENT_VERSION = 1;
				DYLIB_INSTALL_NAME_BASE = "@rpath";
				ENABLE_MODULE_VERIFIER = YES;
				GENERATE_INFOPLIST_FILE = YES;
				INFOPLIST_KEY_NSHumanReadableCopyright = "";
				INSTALL_PATH = "$(LOCAL_LIBRARY_DIR)/Frameworks";
				IPHONEOS_DEPLOYMENT_TARGET = 16.0;
				LD_RUNPATH_SEARCH_PATHS = (
					"$(inherited)",
					"@executable_path/../Frameworks",
					"@loader_path/Frameworks",
				);
				MACOSX_DEPLOYMENT_TARGET = 12.0;
				MARKETING_VERSION = 1.0;
				MODULE_VERIFIER_SUPPORTED_LANGUAGES = "objective-c objective-c++";
				MODULE_VERIFIER_SUPPORTED_LANGUAGE_STANDARDS = "gnu17 gnu++20";
				PRODUCT_BUNDLE_IDENTIFIER = com.humble.EssentialFeed;
				PRODUCT_NAME = "$(TARGET_NAME:c99extidentifier)";
				SKIP_INSTALL = YES;
				SUPPORTED_PLATFORMS = "macosx iphonesimulator iphoneos";
				SUPPORTS_MACCATALYST = YES;
				SWIFT_EMIT_LOC_STRINGS = YES;
				SWIFT_VERSION = 5.0;
			};
			name = Release;
		};
		98C349392AFCDA4B00CACFBF /* Debug */ = {
			isa = XCBuildConfiguration;
			buildSettings = {
				ALLOW_TARGET_PLATFORM_SPECIALIZATION = YES;
				ALWAYS_EMBED_SWIFT_STANDARD_LIBRARIES = YES;
				"CODE_SIGN_IDENTITY[sdk=macosx*]" = "-";
				CODE_SIGN_STYLE = Automatic;
				CURRENT_PROJECT_VERSION = 1;
				DEVELOPMENT_TEAM = 28S828G24C;
				GENERATE_INFOPLIST_FILE = YES;
				MACOSX_DEPLOYMENT_TARGET = 12.0;
				MARKETING_VERSION = 1.0;
				PRODUCT_BUNDLE_IDENTIFIER = com.humble.EssentialFeedTests;
				PRODUCT_NAME = "$(TARGET_NAME)";
				SUPPORTED_PLATFORMS = "macosx iphonesimulator iphoneos";
				SUPPORTS_MACCATALYST = YES;
				SWIFT_EMIT_LOC_STRINGS = NO;
				SWIFT_VERSION = 5.0;
			};
			name = Debug;
		};
		98C3493A2AFCDA4B00CACFBF /* Release */ = {
			isa = XCBuildConfiguration;
			buildSettings = {
				ALLOW_TARGET_PLATFORM_SPECIALIZATION = YES;
				ALWAYS_EMBED_SWIFT_STANDARD_LIBRARIES = YES;
				"CODE_SIGN_IDENTITY[sdk=macosx*]" = "-";
				CODE_SIGN_STYLE = Automatic;
				CURRENT_PROJECT_VERSION = 1;
				DEVELOPMENT_TEAM = 28S828G24C;
				GENERATE_INFOPLIST_FILE = YES;
				MACOSX_DEPLOYMENT_TARGET = 12.0;
				MARKETING_VERSION = 1.0;
				PRODUCT_BUNDLE_IDENTIFIER = com.humble.EssentialFeedTests;
				PRODUCT_NAME = "$(TARGET_NAME)";
				SUPPORTED_PLATFORMS = "macosx iphonesimulator iphoneos";
				SUPPORTS_MACCATALYST = YES;
				SWIFT_EMIT_LOC_STRINGS = NO;
				SWIFT_VERSION = 5.0;
			};
			name = Release;
		};
		98C349672B12F12800CACFBF /* Debug */ = {
			isa = XCBuildConfiguration;
			buildSettings = {
				ALLOW_TARGET_PLATFORM_SPECIALIZATION = YES;
				"CODE_SIGN_IDENTITY[sdk=macosx*]" = "-";
				CODE_SIGN_STYLE = Automatic;
				CURRENT_PROJECT_VERSION = 1;
				DEVELOPMENT_TEAM = 28S828G24C;
				GENERATE_INFOPLIST_FILE = YES;
				MACOSX_DEPLOYMENT_TARGET = 12.0;
				MARKETING_VERSION = 1.0;
				PRODUCT_BUNDLE_IDENTIFIER = com.humble.EssentialFeedAPIEndToEndTests;
				PRODUCT_NAME = "$(TARGET_NAME)";
				SUPPORTED_PLATFORMS = "macosx iphonesimulator iphoneos";
				SUPPORTS_MACCATALYST = YES;
				SWIFT_EMIT_LOC_STRINGS = NO;
				SWIFT_VERSION = 5.0;
			};
			name = Debug;
		};
		98C349682B12F12800CACFBF /* Release */ = {
			isa = XCBuildConfiguration;
			buildSettings = {
				ALLOW_TARGET_PLATFORM_SPECIALIZATION = YES;
				"CODE_SIGN_IDENTITY[sdk=macosx*]" = "-";
				CODE_SIGN_STYLE = Automatic;
				CURRENT_PROJECT_VERSION = 1;
				DEVELOPMENT_TEAM = 28S828G24C;
				GENERATE_INFOPLIST_FILE = YES;
				MACOSX_DEPLOYMENT_TARGET = 12.0;
				MARKETING_VERSION = 1.0;
				PRODUCT_BUNDLE_IDENTIFIER = com.humble.EssentialFeedAPIEndToEndTests;
				PRODUCT_NAME = "$(TARGET_NAME)";
				SUPPORTED_PLATFORMS = "macosx iphonesimulator iphoneos";
				SUPPORTS_MACCATALYST = YES;
				SWIFT_EMIT_LOC_STRINGS = NO;
				SWIFT_VERSION = 5.0;
			};
			name = Release;
		};
/* End XCBuildConfiguration section */

/* Begin XCConfigurationList section */
		98582EED2BDE4743000E441A /* Build configuration list for PBXNativeTarget "EssentialFeedCacheIntegrationTests" */ = {
			isa = XCConfigurationList;
			buildConfigurations = (
				98582EEE2BDE4743000E441A /* Debug */,
				98582EEF2BDE4743000E441A /* Release */,
			);
			defaultConfigurationIsVisible = 0;
			defaultConfigurationName = Release;
		};
		98582F362BDFDFC7000E441A /* Build configuration list for PBXNativeTarget "EssentialFeediOS" */ = {
			isa = XCConfigurationList;
			buildConfigurations = (
				98582F372BDFDFC7000E441A /* Debug */,
				98582F382BDFDFC7000E441A /* Release */,
			);
			defaultConfigurationIsVisible = 0;
			defaultConfigurationName = Release;
		};
		98582F392BDFDFC7000E441A /* Build configuration list for PBXNativeTarget "EssentialFeediOSTests" */ = {
			isa = XCConfigurationList;
			buildConfigurations = (
				98582F3A2BDFDFC7000E441A /* Debug */,
				98582F3B2BDFDFC7000E441A /* Release */,
			);
			defaultConfigurationIsVisible = 0;
			defaultConfigurationName = Release;
		};
		98C3491B2AFCDA4B00CACFBF /* Build configuration list for PBXProject "EssentialFeed" */ = {
			isa = XCConfigurationList;
			buildConfigurations = (
				98C349332AFCDA4B00CACFBF /* Debug */,
				98C349342AFCDA4B00CACFBF /* Release */,
			);
			defaultConfigurationIsVisible = 0;
			defaultConfigurationName = Release;
		};
		98C349352AFCDA4B00CACFBF /* Build configuration list for PBXNativeTarget "EssentialFeed" */ = {
			isa = XCConfigurationList;
			buildConfigurations = (
				98C349362AFCDA4B00CACFBF /* Debug */,
				98C349372AFCDA4B00CACFBF /* Release */,
			);
			defaultConfigurationIsVisible = 0;
			defaultConfigurationName = Release;
		};
		98C349382AFCDA4B00CACFBF /* Build configuration list for PBXNativeTarget "EssentialFeedTests" */ = {
			isa = XCConfigurationList;
			buildConfigurations = (
				98C349392AFCDA4B00CACFBF /* Debug */,
				98C3493A2AFCDA4B00CACFBF /* Release */,
			);
			defaultConfigurationIsVisible = 0;
			defaultConfigurationName = Release;
		};
		98C349662B12F12800CACFBF /* Build configuration list for PBXNativeTarget "EssentialFeedAPIEndToEndTests" */ = {
			isa = XCConfigurationList;
			buildConfigurations = (
				98C349672B12F12800CACFBF /* Debug */,
				98C349682B12F12800CACFBF /* Release */,
			);
			defaultConfigurationIsVisible = 0;
			defaultConfigurationName = Release;
		};
/* End XCConfigurationList section */

/* Begin XCVersionGroup section */
		98582ED62BDD7ACB000E441A /* FeedStore.xcdatamodeld */ = {
			isa = XCVersionGroup;
			children = (
				98582ED72BDD7ACB000E441A /* FeedStore.xcdatamodel */,
			);
			currentVersion = 98582ED72BDD7ACB000E441A /* FeedStore.xcdatamodel */;
			path = FeedStore.xcdatamodeld;
			sourceTree = "<group>";
			versionGroupType = wrapper.xcdatamodel;
		};
/* End XCVersionGroup section */
	};
	rootObject = 98C349182AFCDA4B00CACFBF /* Project object */;
}
